// !$*UTF8*$!
{
	archiveVersion = 1;
	classes = {
	};
	objectVersion = 51;
	objects = {

/* Begin PBXBuildFile section */
		533A278A26A42E72009FD90A /* YDSTypoStyle.swift in Sources */ = {isa = PBXBuildFile; fileRef = 533A278926A42E72009FD90A /* YDSTypoStyle.swift */; };
		533A279D26A48683009FD90A /* YDSSimpleTextField.swift in Sources */ = {isa = PBXBuildFile; fileRef = 533A279C26A48683009FD90A /* YDSSimpleTextField.swift */; };
		533A27A026A48691009FD90A /* YDSSimpleTextFieldView.swift in Sources */ = {isa = PBXBuildFile; fileRef = 533A279F26A48691009FD90A /* YDSSimpleTextFieldView.swift */; };
		533A27B326A52E56009FD90A /* PageListViewController.swift in Sources */ = {isa = PBXBuildFile; fileRef = 533A27B226A52E56009FD90A /* PageListViewController.swift */; };
		533A27B926A5351E009FD90A /* PageListTableViewCell.swift in Sources */ = {isa = PBXBuildFile; fileRef = 533A27B826A5351E009FD90A /* PageListTableViewCell.swift */; };
		533A353D26AE9E5800CCEEAE /* YDSTextFieldView.swift in Sources */ = {isa = PBXBuildFile; fileRef = 533A353C26AE9E5800CCEEAE /* YDSTextFieldView.swift */; };
		533A353F26AEA05F00CCEEAE /* YDSTextField.swift in Sources */ = {isa = PBXBuildFile; fileRef = 533A353E26AEA05E00CCEEAE /* YDSTextField.swift */; };
		53443D8A26A5A4770037B02E /* YDSPasswordTextField.swift in Sources */ = {isa = PBXBuildFile; fileRef = 53443D8926A5A4770037B02E /* YDSPasswordTextField.swift */; };
		53443D8C26A5A4850037B02E /* YDSPasswordTextFieldView.swift in Sources */ = {isa = PBXBuildFile; fileRef = 53443D8B26A5A4850037B02E /* YDSPasswordTextFieldView.swift */; };
		53443D8E26A5A8C40037B02E /* PasswordTextFieldSampleViewController.swift in Sources */ = {isa = PBXBuildFile; fileRef = 53443D8D26A5A8C40037B02E /* PasswordTextFieldSampleViewController.swift */; };
		53443D9026A5CC7E0037B02E /* SearchTextFieldSampleViewController.swift in Sources */ = {isa = PBXBuildFile; fileRef = 53443D8F26A5CC7E0037B02E /* SearchTextFieldSampleViewController.swift */; };
		53443D9226A5CD3E0037B02E /* YDSSearchTextField.swift in Sources */ = {isa = PBXBuildFile; fileRef = 53443D9126A5CD3E0037B02E /* YDSSearchTextField.swift */; };
		53443D9526A5D5DA0037B02E /* YDSSearchBar.swift in Sources */ = {isa = PBXBuildFile; fileRef = 53443D9426A5D5DA0037B02E /* YDSSearchBar.swift */; };
		53443D9726A7000D0037B02E /* SearchBarSampleViewController.swift in Sources */ = {isa = PBXBuildFile; fileRef = 53443D9626A7000D0037B02E /* SearchBarSampleViewController.swift */; };
		5359111B269DDA31000CFFE7 /* YDSIconView.swift in Sources */ = {isa = PBXBuildFile; fileRef = 5359111A269DDA31000CFFE7 /* YDSIconView.swift */; };
		536FCA50267CD25300158DFD /* YDSIcon.xcassets in Resources */ = {isa = PBXBuildFile; fileRef = 536FCA4F267CD25300158DFD /* YDSIcon.xcassets */; };
		5370918226A5463C007CD775 /* YDSSuffixTextField.swift in Sources */ = {isa = PBXBuildFile; fileRef = 5370918126A5463C007CD775 /* YDSSuffixTextField.swift */; };
		5370918426A5467D007CD775 /* YDSSuffixTextFieldView.swift in Sources */ = {isa = PBXBuildFile; fileRef = 5370918326A5467D007CD775 /* YDSSuffixTextFieldView.swift */; };
		5370918626A546DF007CD775 /* SuffixTextFieldSampleViewController.swift in Sources */ = {isa = PBXBuildFile; fileRef = 5370918526A546DF007CD775 /* SuffixTextFieldSampleViewController.swift */; };
		5394692E2663D6DB003D7A44 /* Constant.swift in Sources */ = {isa = PBXBuildFile; fileRef = 5394692D2663D6DB003D7A44 /* Constant.swift */; };
		53A31B5E266F500300461C29 /* Toggle.swift in Sources */ = {isa = PBXBuildFile; fileRef = 53A31B5D266F500300461C29 /* Toggle.swift */; };
		53ADEA2326A1794800153636 /* YDSBundle.swift in Sources */ = {isa = PBXBuildFile; fileRef = 53ADEA2226A1794800153636 /* YDSBundle.swift */; };
		53EB943926A1E33A00208496 /* YDSDivider.swift in Sources */ = {isa = PBXBuildFile; fileRef = 53EB943826A1E33A00208496 /* YDSDivider.swift */; };
		53EB9FF0269DC45D00B7D14A /* YDSIcon.swift in Sources */ = {isa = PBXBuildFile; fileRef = 53EB9FEF269DC45D00B7D14A /* YDSIcon.swift */; };
		65D602EC02976C9E3372ED4A /* Pods_YDS_iOS_YDS_Sample.framework in Frameworks */ = {isa = PBXBuildFile; fileRef = A6AB5AB4B4EFC1ED9289EEB3 /* Pods_YDS_iOS_YDS_Sample.framework */; };
		DD151FAF2641820200795D7C /* YDS_iOS.h in Headers */ = {isa = PBXBuildFile; fileRef = DD151FAD2641820200795D7C /* YDS_iOS.h */; settings = {ATTRIBUTES = (Public, ); }; };
		DD48C1EC26735052004B288E /* BottomSheet.swift in Sources */ = {isa = PBXBuildFile; fileRef = DD48C1EB26735052004B288E /* BottomSheet.swift */; };
		DD6C6384264286FB004CFF46 /* YDSFont.swift in Sources */ = {isa = PBXBuildFile; fileRef = DD6C6383264286FB004CFF46 /* YDSFont.swift */; };
		DD6C63D626429C6C004CFF46 /* YDSLabel.swift in Sources */ = {isa = PBXBuildFile; fileRef = DD6C63D526429C6C004CFF46 /* YDSLabel.swift */; };
		DD8B142B26737960000148F1 /* Pods_YDS_iOS.framework in Frameworks */ = {isa = PBXBuildFile; fileRef = 4FEB73431441BFE393DF6291 /* Pods_YDS_iOS.framework */; };
		DD8DF13526786B3300EDD2B4 /* ScreenSize.swift in Sources */ = {isa = PBXBuildFile; fileRef = DD8DF13426786B3300EDD2B4 /* ScreenSize.swift */; };
		DD8DF13826786BD100EDD2B4 /* Animation.swift in Sources */ = {isa = PBXBuildFile; fileRef = DD8DF13726786BD100EDD2B4 /* Animation.swift */; };
		DDDC3C7A265E7072007ED3FE /* BasicColor.swift in Sources */ = {isa = PBXBuildFile; fileRef = DDDC3C79265E7072007ED3FE /* BasicColor.swift */; };
		DDDC3C82265E8276007ED3FE /* SemanticColor.swift in Sources */ = {isa = PBXBuildFile; fileRef = DDDC3C81265E8276007ED3FE /* SemanticColor.swift */; };
		DDFBCFFF26739A6900C5F409 /* AppDelegate.swift in Sources */ = {isa = PBXBuildFile; fileRef = DDFBCFFE26739A6900C5F409 /* AppDelegate.swift */; };
		DDFBD00326739A6900C5F409 /* SimpleTextFieldSampleViewController.swift in Sources */ = {isa = PBXBuildFile; fileRef = DDFBD00226739A6900C5F409 /* SimpleTextFieldSampleViewController.swift */; };
		DDFBD00626739A6900C5F409 /* Main.storyboard in Resources */ = {isa = PBXBuildFile; fileRef = DDFBD00426739A6900C5F409 /* Main.storyboard */; };
		DDFBD00826739A6B00C5F409 /* Assets.xcassets in Resources */ = {isa = PBXBuildFile; fileRef = DDFBD00726739A6B00C5F409 /* Assets.xcassets */; };
		DDFBD00B26739A6B00C5F409 /* LaunchScreen.storyboard in Resources */ = {isa = PBXBuildFile; fileRef = DDFBD00926739A6B00C5F409 /* LaunchScreen.storyboard */; };
		DDFBD01C26739BEB00C5F409 /* YDS_iOS.framework in Frameworks */ = {isa = PBXBuildFile; fileRef = DD151FAA2641820200795D7C /* YDS_iOS.framework */; };
		DDFBD01D26739BEB00C5F409 /* YDS_iOS.framework in Embed Frameworks */ = {isa = PBXBuildFile; fileRef = DD151FAA2641820200795D7C /* YDS_iOS.framework */; settings = {ATTRIBUTES = (CodeSignOnCopy, RemoveHeadersOnCopy, ); }; };
/* End PBXBuildFile section */

/* Begin PBXContainerItemProxy section */
		DDFBD01E26739BEB00C5F409 /* PBXContainerItemProxy */ = {
			isa = PBXContainerItemProxy;
			containerPortal = DD151FA12641820200795D7C /* Project object */;
			proxyType = 1;
			remoteGlobalIDString = DD151FA92641820200795D7C;
			remoteInfo = "YDS-iOS";
		};
/* End PBXContainerItemProxy section */

/* Begin PBXCopyFilesBuildPhase section */
		DDFBD02026739BEB00C5F409 /* Embed Frameworks */ = {
			isa = PBXCopyFilesBuildPhase;
			buildActionMask = 2147483647;
			dstPath = "";
			dstSubfolderSpec = 10;
			files = (
				DDFBD01D26739BEB00C5F409 /* YDS_iOS.framework in Embed Frameworks */,
			);
			name = "Embed Frameworks";
			runOnlyForDeploymentPostprocessing = 0;
		};
/* End PBXCopyFilesBuildPhase section */

/* Begin PBXFileReference section */
		3F225A28A7B2166F374ABC3C /* Pods-YDS-iOS-YDS-Sample.release.xcconfig */ = {isa = PBXFileReference; includeInIndex = 1; lastKnownFileType = text.xcconfig; name = "Pods-YDS-iOS-YDS-Sample.release.xcconfig"; path = "Target Support Files/Pods-YDS-iOS-YDS-Sample/Pods-YDS-iOS-YDS-Sample.release.xcconfig"; sourceTree = "<group>"; };
		4FEB73431441BFE393DF6291 /* Pods_YDS_iOS.framework */ = {isa = PBXFileReference; explicitFileType = wrapper.framework; includeInIndex = 0; path = Pods_YDS_iOS.framework; sourceTree = BUILT_PRODUCTS_DIR; };
		533A278926A42E72009FD90A /* YDSTypoStyle.swift */ = {isa = PBXFileReference; lastKnownFileType = sourcecode.swift; path = YDSTypoStyle.swift; sourceTree = "<group>"; };
		533A279C26A48683009FD90A /* YDSSimpleTextField.swift */ = {isa = PBXFileReference; lastKnownFileType = sourcecode.swift; path = YDSSimpleTextField.swift; sourceTree = "<group>"; };
		533A279F26A48691009FD90A /* YDSSimpleTextFieldView.swift */ = {isa = PBXFileReference; lastKnownFileType = sourcecode.swift; path = YDSSimpleTextFieldView.swift; sourceTree = "<group>"; };
		533A27B226A52E56009FD90A /* PageListViewController.swift */ = {isa = PBXFileReference; lastKnownFileType = sourcecode.swift; path = PageListViewController.swift; sourceTree = "<group>"; };
		533A27B826A5351E009FD90A /* PageListTableViewCell.swift */ = {isa = PBXFileReference; lastKnownFileType = sourcecode.swift; path = PageListTableViewCell.swift; sourceTree = "<group>"; };
		533A353C26AE9E5800CCEEAE /* YDSTextFieldView.swift */ = {isa = PBXFileReference; lastKnownFileType = sourcecode.swift; path = YDSTextFieldView.swift; sourceTree = "<group>"; };
		533A353E26AEA05E00CCEEAE /* YDSTextField.swift */ = {isa = PBXFileReference; lastKnownFileType = sourcecode.swift; path = YDSTextField.swift; sourceTree = "<group>"; };
		53443D8926A5A4770037B02E /* YDSPasswordTextField.swift */ = {isa = PBXFileReference; lastKnownFileType = sourcecode.swift; path = YDSPasswordTextField.swift; sourceTree = "<group>"; };
		53443D8B26A5A4850037B02E /* YDSPasswordTextFieldView.swift */ = {isa = PBXFileReference; lastKnownFileType = sourcecode.swift; path = YDSPasswordTextFieldView.swift; sourceTree = "<group>"; };
		53443D8D26A5A8C40037B02E /* PasswordTextFieldSampleViewController.swift */ = {isa = PBXFileReference; lastKnownFileType = sourcecode.swift; path = PasswordTextFieldSampleViewController.swift; sourceTree = "<group>"; };
		53443D8F26A5CC7E0037B02E /* SearchTextFieldSampleViewController.swift */ = {isa = PBXFileReference; lastKnownFileType = sourcecode.swift; path = SearchTextFieldSampleViewController.swift; sourceTree = "<group>"; };
		53443D9126A5CD3E0037B02E /* YDSSearchTextField.swift */ = {isa = PBXFileReference; lastKnownFileType = sourcecode.swift; path = YDSSearchTextField.swift; sourceTree = "<group>"; };
		53443D9426A5D5DA0037B02E /* YDSSearchBar.swift */ = {isa = PBXFileReference; lastKnownFileType = sourcecode.swift; path = YDSSearchBar.swift; sourceTree = "<group>"; };
		53443D9626A7000D0037B02E /* SearchBarSampleViewController.swift */ = {isa = PBXFileReference; lastKnownFileType = sourcecode.swift; path = SearchBarSampleViewController.swift; sourceTree = "<group>"; };
		5359111A269DDA31000CFFE7 /* YDSIconView.swift */ = {isa = PBXFileReference; lastKnownFileType = sourcecode.swift; path = YDSIconView.swift; sourceTree = "<group>"; };
		536FCA4F267CD25300158DFD /* YDSIcon.xcassets */ = {isa = PBXFileReference; lastKnownFileType = folder.assetcatalog; path = YDSIcon.xcassets; sourceTree = "<group>"; };
		5370918126A5463C007CD775 /* YDSSuffixTextField.swift */ = {isa = PBXFileReference; lastKnownFileType = sourcecode.swift; path = YDSSuffixTextField.swift; sourceTree = "<group>"; };
		5370918326A5467D007CD775 /* YDSSuffixTextFieldView.swift */ = {isa = PBXFileReference; lastKnownFileType = sourcecode.swift; path = YDSSuffixTextFieldView.swift; sourceTree = "<group>"; };
		5370918526A546DF007CD775 /* SuffixTextFieldSampleViewController.swift */ = {isa = PBXFileReference; lastKnownFileType = sourcecode.swift; path = SuffixTextFieldSampleViewController.swift; sourceTree = "<group>"; };
		5394692D2663D6DB003D7A44 /* Constant.swift */ = {isa = PBXFileReference; lastKnownFileType = sourcecode.swift; path = Constant.swift; sourceTree = "<group>"; };
		53A31B5D266F500300461C29 /* Toggle.swift */ = {isa = PBXFileReference; lastKnownFileType = sourcecode.swift; path = Toggle.swift; sourceTree = "<group>"; };
		53ADEA2226A1794800153636 /* YDSBundle.swift */ = {isa = PBXFileReference; lastKnownFileType = sourcecode.swift; path = YDSBundle.swift; sourceTree = "<group>"; };
		53EB943826A1E33A00208496 /* YDSDivider.swift */ = {isa = PBXFileReference; lastKnownFileType = sourcecode.swift; path = YDSDivider.swift; sourceTree = "<group>"; };
		53EB9FEF269DC45D00B7D14A /* YDSIcon.swift */ = {isa = PBXFileReference; lastKnownFileType = sourcecode.swift; path = YDSIcon.swift; sourceTree = "<group>"; };
		554368B105B7A0A286055A24 /* Pods-YDS-iOS-YDS-Sample.debug.xcconfig */ = {isa = PBXFileReference; includeInIndex = 1; lastKnownFileType = text.xcconfig; name = "Pods-YDS-iOS-YDS-Sample.debug.xcconfig"; path = "Target Support Files/Pods-YDS-iOS-YDS-Sample/Pods-YDS-iOS-YDS-Sample.debug.xcconfig"; sourceTree = "<group>"; };
		83D4CE5D94099965012AAC5F /* Pods-YDS-iOS.release.xcconfig */ = {isa = PBXFileReference; includeInIndex = 1; lastKnownFileType = text.xcconfig; name = "Pods-YDS-iOS.release.xcconfig"; path = "Target Support Files/Pods-YDS-iOS/Pods-YDS-iOS.release.xcconfig"; sourceTree = "<group>"; };
		A6AB5AB4B4EFC1ED9289EEB3 /* Pods_YDS_iOS_YDS_Sample.framework */ = {isa = PBXFileReference; explicitFileType = wrapper.framework; includeInIndex = 0; path = Pods_YDS_iOS_YDS_Sample.framework; sourceTree = BUILT_PRODUCTS_DIR; };
		CAB6ABABCFBED4568643704E /* Pods-YDS-iOS.debug.xcconfig */ = {isa = PBXFileReference; includeInIndex = 1; lastKnownFileType = text.xcconfig; name = "Pods-YDS-iOS.debug.xcconfig"; path = "Target Support Files/Pods-YDS-iOS/Pods-YDS-iOS.debug.xcconfig"; sourceTree = "<group>"; };
		DD151FAA2641820200795D7C /* YDS_iOS.framework */ = {isa = PBXFileReference; explicitFileType = wrapper.framework; includeInIndex = 0; path = YDS_iOS.framework; sourceTree = BUILT_PRODUCTS_DIR; };
		DD151FAD2641820200795D7C /* YDS_iOS.h */ = {isa = PBXFileReference; lastKnownFileType = sourcecode.c.h; path = YDS_iOS.h; sourceTree = "<group>"; };
		DD151FAE2641820200795D7C /* Info.plist */ = {isa = PBXFileReference; lastKnownFileType = text.plist.xml; path = Info.plist; sourceTree = "<group>"; };
		DD48C1EB26735052004B288E /* BottomSheet.swift */ = {isa = PBXFileReference; lastKnownFileType = sourcecode.swift; path = BottomSheet.swift; sourceTree = "<group>"; };
		DD6C6383264286FB004CFF46 /* YDSFont.swift */ = {isa = PBXFileReference; lastKnownFileType = sourcecode.swift; path = YDSFont.swift; sourceTree = "<group>"; };
		DD6C63D526429C6C004CFF46 /* YDSLabel.swift */ = {isa = PBXFileReference; lastKnownFileType = sourcecode.swift; path = YDSLabel.swift; sourceTree = "<group>"; };
		DD8DF13426786B3300EDD2B4 /* ScreenSize.swift */ = {isa = PBXFileReference; lastKnownFileType = sourcecode.swift; path = ScreenSize.swift; sourceTree = "<group>"; };
		DD8DF13726786BD100EDD2B4 /* Animation.swift */ = {isa = PBXFileReference; lastKnownFileType = sourcecode.swift; path = Animation.swift; sourceTree = "<group>"; };
		DDDC3C79265E7072007ED3FE /* BasicColor.swift */ = {isa = PBXFileReference; lastKnownFileType = sourcecode.swift; path = BasicColor.swift; sourceTree = "<group>"; };
		DDDC3C81265E8276007ED3FE /* SemanticColor.swift */ = {isa = PBXFileReference; lastKnownFileType = sourcecode.swift; path = SemanticColor.swift; sourceTree = "<group>"; };
		DDFBCFFC26739A6900C5F409 /* YDS-Sample.app */ = {isa = PBXFileReference; explicitFileType = wrapper.application; includeInIndex = 0; path = "YDS-Sample.app"; sourceTree = BUILT_PRODUCTS_DIR; };
		DDFBCFFE26739A6900C5F409 /* AppDelegate.swift */ = {isa = PBXFileReference; lastKnownFileType = sourcecode.swift; path = AppDelegate.swift; sourceTree = "<group>"; };
		DDFBD00226739A6900C5F409 /* SimpleTextFieldSampleViewController.swift */ = {isa = PBXFileReference; lastKnownFileType = sourcecode.swift; path = SimpleTextFieldSampleViewController.swift; sourceTree = "<group>"; };
		DDFBD00526739A6900C5F409 /* Base */ = {isa = PBXFileReference; lastKnownFileType = file.storyboard; name = Base; path = Base.lproj/Main.storyboard; sourceTree = "<group>"; };
		DDFBD00726739A6B00C5F409 /* Assets.xcassets */ = {isa = PBXFileReference; lastKnownFileType = folder.assetcatalog; path = Assets.xcassets; sourceTree = "<group>"; };
		DDFBD00A26739A6B00C5F409 /* Base */ = {isa = PBXFileReference; lastKnownFileType = file.storyboard; name = Base; path = Base.lproj/LaunchScreen.storyboard; sourceTree = "<group>"; };
		DDFBD00C26739A6B00C5F409 /* Info.plist */ = {isa = PBXFileReference; lastKnownFileType = text.plist.xml; path = Info.plist; sourceTree = "<group>"; };
		DDFBD02526739C3600C5F409 /* SnapKit.framework */ = {isa = PBXFileReference; explicitFileType = wrapper.framework; path = SnapKit.framework; sourceTree = BUILT_PRODUCTS_DIR; };
		DDFBD02926739C3C00C5F409 /* PanModal.framework */ = {isa = PBXFileReference; explicitFileType = wrapper.framework; path = PanModal.framework; sourceTree = BUILT_PRODUCTS_DIR; };
/* End PBXFileReference section */

/* Begin PBXFrameworksBuildPhase section */
		DD151FA72641820200795D7C /* Frameworks */ = {
			isa = PBXFrameworksBuildPhase;
			buildActionMask = 2147483647;
			files = (
				DD8B142B26737960000148F1 /* Pods_YDS_iOS.framework in Frameworks */,
			);
			runOnlyForDeploymentPostprocessing = 0;
		};
		DDFBCFF926739A6900C5F409 /* Frameworks */ = {
			isa = PBXFrameworksBuildPhase;
			buildActionMask = 2147483647;
			files = (
				DDFBD01C26739BEB00C5F409 /* YDS_iOS.framework in Frameworks */,
				65D602EC02976C9E3372ED4A /* Pods_YDS_iOS_YDS_Sample.framework in Frameworks */,
			);
			runOnlyForDeploymentPostprocessing = 0;
		};
/* End PBXFrameworksBuildPhase section */

/* Begin PBXGroup section */
		253AF81C549745374AD2F563 /* Frameworks */ = {
			isa = PBXGroup;
			children = (
				DDFBD02926739C3C00C5F409 /* PanModal.framework */,
				DDFBD02526739C3600C5F409 /* SnapKit.framework */,
				4FEB73431441BFE393DF6291 /* Pods_YDS_iOS.framework */,
				A6AB5AB4B4EFC1ED9289EEB3 /* Pods_YDS_iOS_YDS_Sample.framework */,
			);
			name = Frameworks;
			sourceTree = "<group>";
		};
		4999C890266CC38800CD5248 /* Source */ = {
			isa = PBXGroup;
			children = (
				53ADEA2226A1794800153636 /* YDSBundle.swift */,
				5394692C2663D6C7003D7A44 /* Rule */,
				DD6C63E32642A602004CFF46 /* Foundation */,
				DD6C63D426429C5B004CFF46 /* Atom */,
			);
			path = Source;
			sourceTree = "<group>";
		};
		533A27B526A52EC0009FD90A /* storyboard */ = {
			isa = PBXGroup;
			children = (
				DDFBD00926739A6B00C5F409 /* LaunchScreen.storyboard */,
			);
			path = storyboard;
			sourceTree = "<group>";
		};
		53443D9826A7D3050037B02E /* YDSSimpleTextField */ = {
			isa = PBXGroup;
			children = (
				533A279F26A48691009FD90A /* YDSSimpleTextFieldView.swift */,
				533A279C26A48683009FD90A /* YDSSimpleTextField.swift */,
			);
			path = YDSSimpleTextField;
			sourceTree = "<group>";
		};
		53443D9926A7D3130037B02E /* YDSSuffixTextField */ = {
			isa = PBXGroup;
			children = (
				5370918326A5467D007CD775 /* YDSSuffixTextFieldView.swift */,
				5370918126A5463C007CD775 /* YDSSuffixTextField.swift */,
			);
			path = YDSSuffixTextField;
			sourceTree = "<group>";
		};
		53443D9A26A7D31D0037B02E /* YDSPasswordTextField */ = {
			isa = PBXGroup;
			children = (
				53443D8B26A5A4850037B02E /* YDSPasswordTextFieldView.swift */,
				53443D8926A5A4770037B02E /* YDSPasswordTextField.swift */,
			);
			path = YDSPasswordTextField;
			sourceTree = "<group>";
		};
		53443D9B26A7D32B0037B02E /* YDSTextField */ = {
			isa = PBXGroup;
			children = (
				53443D9826A7D3050037B02E /* YDSSimpleTextField */,
				53443D9926A7D3130037B02E /* YDSSuffixTextField */,
				53443D9A26A7D31D0037B02E /* YDSPasswordTextField */,
				53443D9126A5CD3E0037B02E /* YDSSearchTextField.swift */,
				533A353E26AEA05E00CCEEAE /* YDSTextField.swift */,
				533A353C26AE9E5800CCEEAE /* YDSTextFieldView.swift */,
			);
			path = YDSTextField;
			sourceTree = "<group>";
		};
		53443D9C26A7D3CC0037B02E /* AtomSampleViewController */ = {
			isa = PBXGroup;
			children = (
				DDFBD00226739A6900C5F409 /* SimpleTextFieldSampleViewController.swift */,
				5370918526A546DF007CD775 /* SuffixTextFieldSampleViewController.swift */,
				53443D8D26A5A8C40037B02E /* PasswordTextFieldSampleViewController.swift */,
				53443D8F26A5CC7E0037B02E /* SearchTextFieldSampleViewController.swift */,
				53443D9626A7000D0037B02E /* SearchBarSampleViewController.swift */,
			);
			path = AtomSampleViewController;
			sourceTree = "<group>";
		};
		5394692C2663D6C7003D7A44 /* Rule */ = {
			isa = PBXGroup;
			children = (
				5394692D2663D6DB003D7A44 /* Constant.swift */,
				DD8DF13426786B3300EDD2B4 /* ScreenSize.swift */,
				DD8DF13726786BD100EDD2B4 /* Animation.swift */,
			);
			path = Rule;
			sourceTree = "<group>";
		};
		DD151FA02641820200795D7C = {
			isa = PBXGroup;
			children = (
				DD151FAC2641820200795D7C /* YDS-iOS */,
				DDFBCFFD26739A6900C5F409 /* YDS-Sample */,
				DD151FAB2641820200795D7C /* Products */,
				FEB9DE8A5EAC7F1FB86CBD59 /* Pods */,
				253AF81C549745374AD2F563 /* Frameworks */,
			);
			sourceTree = "<group>";
		};
		DD151FAB2641820200795D7C /* Products */ = {
			isa = PBXGroup;
			children = (
				DD151FAA2641820200795D7C /* YDS_iOS.framework */,
				DDFBCFFC26739A6900C5F409 /* YDS-Sample.app */,
			);
			name = Products;
			sourceTree = "<group>";
		};
		DD151FAC2641820200795D7C /* YDS-iOS */ = {
			isa = PBXGroup;
			children = (
				4999C890266CC38800CD5248 /* Source */,
				DD151FAD2641820200795D7C /* YDS_iOS.h */,
				DD151FAE2641820200795D7C /* Info.plist */,
			);
			path = "YDS-iOS";
			sourceTree = "<group>";
		};
		DD6C63D426429C5B004CFF46 /* Atom */ = {
			isa = PBXGroup;
			children = (
				DD6C63D526429C6C004CFF46 /* YDSLabel.swift */,
				53A31B5D266F500300461C29 /* Toggle.swift */,
				DD48C1EB26735052004B288E /* BottomSheet.swift */,
				53EB943826A1E33A00208496 /* YDSDivider.swift */,
				5359111A269DDA31000CFFE7 /* YDSIconView.swift */,
				53443D9B26A7D32B0037B02E /* YDSTextField */,
				53443D9426A5D5DA0037B02E /* YDSSearchBar.swift */,
			);
			path = Atom;
			sourceTree = "<group>";
		};
		DD6C63E32642A602004CFF46 /* Foundation */ = {
			isa = PBXGroup;
			children = (
				DD6C6383264286FB004CFF46 /* YDSFont.swift */,
				533A278926A42E72009FD90A /* YDSTypoStyle.swift */,
				DDDC3C79265E7072007ED3FE /* BasicColor.swift */,
				DDDC3C81265E8276007ED3FE /* SemanticColor.swift */,
				53EB9FEF269DC45D00B7D14A /* YDSIcon.swift */,
				536FCA4F267CD25300158DFD /* YDSIcon.xcassets */,
			);
			path = Foundation;
			sourceTree = "<group>";
		};
		DDFBCFFD26739A6900C5F409 /* YDS-Sample */ = {
			isa = PBXGroup;
			children = (
				533A27B526A52EC0009FD90A /* storyboard */,
				DDFBCFFE26739A6900C5F409 /* AppDelegate.swift */,
				DDFBD00426739A6900C5F409 /* Main.storyboard */,
				DDFBD00726739A6B00C5F409 /* Assets.xcassets */,
				DDFBD00C26739A6B00C5F409 /* Info.plist */,
				533A27B226A52E56009FD90A /* PageListViewController.swift */,
				533A27B826A5351E009FD90A /* PageListTableViewCell.swift */,
				53443D9C26A7D3CC0037B02E /* AtomSampleViewController */,
			);
			path = "YDS-Sample";
			sourceTree = "<group>";
		};
		FEB9DE8A5EAC7F1FB86CBD59 /* Pods */ = {
			isa = PBXGroup;
			children = (
				CAB6ABABCFBED4568643704E /* Pods-YDS-iOS.debug.xcconfig */,
				83D4CE5D94099965012AAC5F /* Pods-YDS-iOS.release.xcconfig */,
				554368B105B7A0A286055A24 /* Pods-YDS-iOS-YDS-Sample.debug.xcconfig */,
				3F225A28A7B2166F374ABC3C /* Pods-YDS-iOS-YDS-Sample.release.xcconfig */,
			);
			path = Pods;
			sourceTree = "<group>";
		};
/* End PBXGroup section */

/* Begin PBXHeadersBuildPhase section */
		DD151FA52641820200795D7C /* Headers */ = {
			isa = PBXHeadersBuildPhase;
			buildActionMask = 2147483647;
			files = (
				DD151FAF2641820200795D7C /* YDS_iOS.h in Headers */,
			);
			runOnlyForDeploymentPostprocessing = 0;
		};
/* End PBXHeadersBuildPhase section */

/* Begin PBXNativeTarget section */
		DD151FA92641820200795D7C /* YDS-iOS */ = {
			isa = PBXNativeTarget;
			buildConfigurationList = DD151FB22641820200795D7C /* Build configuration list for PBXNativeTarget "YDS-iOS" */;
			buildPhases = (
				D5D809E58A4A66857060D2CC /* [CP] Check Pods Manifest.lock */,
				DD151FA52641820200795D7C /* Headers */,
				DD151FA62641820200795D7C /* Sources */,
				DD151FA72641820200795D7C /* Frameworks */,
				DD151FA82641820200795D7C /* Resources */,
			);
			buildRules = (
			);
			dependencies = (
			);
			name = "YDS-iOS";
			productName = "YDS-iOS";
			productReference = DD151FAA2641820200795D7C /* YDS_iOS.framework */;
			productType = "com.apple.product-type.framework";
		};
		DDFBCFFB26739A6900C5F409 /* YDS-Sample */ = {
			isa = PBXNativeTarget;
			buildConfigurationList = DDFBD00F26739A6B00C5F409 /* Build configuration list for PBXNativeTarget "YDS-Sample" */;
			buildPhases = (
				A46D4F7DD0F7490B674159C1 /* [CP] Check Pods Manifest.lock */,
				DDFBCFF826739A6900C5F409 /* Sources */,
				DDFBCFF926739A6900C5F409 /* Frameworks */,
				DDFBCFFA26739A6900C5F409 /* Resources */,
				DDFBD02026739BEB00C5F409 /* Embed Frameworks */,
				5017AE712C4ADA6C2DD1B848 /* [CP] Embed Pods Frameworks */,
			);
			buildRules = (
			);
			dependencies = (
				DDFBD01F26739BEB00C5F409 /* PBXTargetDependency */,
			);
			name = "YDS-Sample";
			productName = "YDS-Sample";
			productReference = DDFBCFFC26739A6900C5F409 /* YDS-Sample.app */;
			productType = "com.apple.product-type.application";
		};
/* End PBXNativeTarget section */

/* Begin PBXProject section */
		DD151FA12641820200795D7C /* Project object */ = {
			isa = PBXProject;
			attributes = {
				LastSwiftUpdateCheck = 1240;
				LastUpgradeCheck = 1240;
				TargetAttributes = {
					DD151FA92641820200795D7C = {
						CreatedOnToolsVersion = 12.4;
						LastSwiftMigration = 1240;
					};
					DDFBCFFB26739A6900C5F409 = {
						CreatedOnToolsVersion = 12.4;
					};
				};
			};
			buildConfigurationList = DD151FA42641820200795D7C /* Build configuration list for PBXProject "YDS-iOS" */;
			compatibilityVersion = "Xcode 9.3";
			developmentRegion = en;
			hasScannedForEncodings = 0;
			knownRegions = (
				en,
				Base,
			);
			mainGroup = DD151FA02641820200795D7C;
			productRefGroup = DD151FAB2641820200795D7C /* Products */;
			projectDirPath = "";
			projectRoot = "";
			targets = (
				DD151FA92641820200795D7C /* YDS-iOS */,
				DDFBCFFB26739A6900C5F409 /* YDS-Sample */,
			);
		};
/* End PBXProject section */

/* Begin PBXResourcesBuildPhase section */
		DD151FA82641820200795D7C /* Resources */ = {
			isa = PBXResourcesBuildPhase;
			buildActionMask = 2147483647;
			files = (
				536FCA50267CD25300158DFD /* YDSIcon.xcassets in Resources */,
			);
			runOnlyForDeploymentPostprocessing = 0;
		};
		DDFBCFFA26739A6900C5F409 /* Resources */ = {
			isa = PBXResourcesBuildPhase;
			buildActionMask = 2147483647;
			files = (
				DDFBD00B26739A6B00C5F409 /* LaunchScreen.storyboard in Resources */,
				DDFBD00826739A6B00C5F409 /* Assets.xcassets in Resources */,
				DDFBD00626739A6900C5F409 /* Main.storyboard in Resources */,
			);
			runOnlyForDeploymentPostprocessing = 0;
		};
/* End PBXResourcesBuildPhase section */

/* Begin PBXShellScriptBuildPhase section */
		5017AE712C4ADA6C2DD1B848 /* [CP] Embed Pods Frameworks */ = {
			isa = PBXShellScriptBuildPhase;
			buildActionMask = 2147483647;
			files = (
			);
			inputFileListPaths = (
				"${PODS_ROOT}/Target Support Files/Pods-YDS-iOS-YDS-Sample/Pods-YDS-iOS-YDS-Sample-frameworks-${CONFIGURATION}-input-files.xcfilelist",
			);
			name = "[CP] Embed Pods Frameworks";
			outputFileListPaths = (
				"${PODS_ROOT}/Target Support Files/Pods-YDS-iOS-YDS-Sample/Pods-YDS-iOS-YDS-Sample-frameworks-${CONFIGURATION}-output-files.xcfilelist",
			);
			runOnlyForDeploymentPostprocessing = 0;
			shellPath = /bin/sh;
			shellScript = "\"${PODS_ROOT}/Target Support Files/Pods-YDS-iOS-YDS-Sample/Pods-YDS-iOS-YDS-Sample-frameworks.sh\"\n";
			showEnvVarsInLog = 0;
		};
		A46D4F7DD0F7490B674159C1 /* [CP] Check Pods Manifest.lock */ = {
			isa = PBXShellScriptBuildPhase;
			buildActionMask = 2147483647;
			files = (
			);
			inputFileListPaths = (
			);
			inputPaths = (
				"${PODS_PODFILE_DIR_PATH}/Podfile.lock",
				"${PODS_ROOT}/Manifest.lock",
			);
			name = "[CP] Check Pods Manifest.lock";
			outputFileListPaths = (
			);
			outputPaths = (
				"$(DERIVED_FILE_DIR)/Pods-YDS-iOS-YDS-Sample-checkManifestLockResult.txt",
			);
			runOnlyForDeploymentPostprocessing = 0;
			shellPath = /bin/sh;
			shellScript = "diff \"${PODS_PODFILE_DIR_PATH}/Podfile.lock\" \"${PODS_ROOT}/Manifest.lock\" > /dev/null\nif [ $? != 0 ] ; then\n    # print error to STDERR\n    echo \"error: The sandbox is not in sync with the Podfile.lock. Run 'pod install' or update your CocoaPods installation.\" >&2\n    exit 1\nfi\n# This output is used by Xcode 'outputs' to avoid re-running this script phase.\necho \"SUCCESS\" > \"${SCRIPT_OUTPUT_FILE_0}\"\n";
			showEnvVarsInLog = 0;
		};
		D5D809E58A4A66857060D2CC /* [CP] Check Pods Manifest.lock */ = {
			isa = PBXShellScriptBuildPhase;
			buildActionMask = 2147483647;
			files = (
			);
			inputFileListPaths = (
			);
			inputPaths = (
				"${PODS_PODFILE_DIR_PATH}/Podfile.lock",
				"${PODS_ROOT}/Manifest.lock",
			);
			name = "[CP] Check Pods Manifest.lock";
			outputFileListPaths = (
			);
			outputPaths = (
				"$(DERIVED_FILE_DIR)/Pods-YDS-iOS-checkManifestLockResult.txt",
			);
			runOnlyForDeploymentPostprocessing = 0;
			shellPath = /bin/sh;
			shellScript = "diff \"${PODS_PODFILE_DIR_PATH}/Podfile.lock\" \"${PODS_ROOT}/Manifest.lock\" > /dev/null\nif [ $? != 0 ] ; then\n    # print error to STDERR\n    echo \"error: The sandbox is not in sync with the Podfile.lock. Run 'pod install' or update your CocoaPods installation.\" >&2\n    exit 1\nfi\n# This output is used by Xcode 'outputs' to avoid re-running this script phase.\necho \"SUCCESS\" > \"${SCRIPT_OUTPUT_FILE_0}\"\n";
			showEnvVarsInLog = 0;
		};
/* End PBXShellScriptBuildPhase section */

/* Begin PBXSourcesBuildPhase section */
		DD151FA62641820200795D7C /* Sources */ = {
			isa = PBXSourcesBuildPhase;
			buildActionMask = 2147483647;
			files = (
				5370918226A5463C007CD775 /* YDSSuffixTextField.swift in Sources */,
				DDDC3C7A265E7072007ED3FE /* BasicColor.swift in Sources */,
				DDDC3C82265E8276007ED3FE /* SemanticColor.swift in Sources */,
				DD48C1EC26735052004B288E /* BottomSheet.swift in Sources */,
				5394692E2663D6DB003D7A44 /* Constant.swift in Sources */,
				53443D8A26A5A4770037B02E /* YDSPasswordTextField.swift in Sources */,
				53EB943926A1E33A00208496 /* YDSDivider.swift in Sources */,
				5359111B269DDA31000CFFE7 /* YDSIconView.swift in Sources */,
				533A27A026A48691009FD90A /* YDSSimpleTextFieldView.swift in Sources */,
				53ADEA2326A1794800153636 /* YDSBundle.swift in Sources */,
				53A31B5E266F500300461C29 /* Toggle.swift in Sources */,
				5370918426A5467D007CD775 /* YDSSuffixTextFieldView.swift in Sources */,
				53A31B5E266F500300461C29 /* Toggle.swift in Sources */,
				533A279D26A48683009FD90A /* YDSSimpleTextField.swift in Sources */,
				DD6C6384264286FB004CFF46 /* YDSFont.swift in Sources */,
				533A353D26AE9E5800CCEEAE /* YDSTextFieldView.swift in Sources */,
				53443D9526A5D5DA0037B02E /* YDSSearchBar.swift in Sources */,
				533A278A26A42E72009FD90A /* YDSTypoStyle.swift in Sources */,
				53443D9226A5CD3E0037B02E /* YDSSearchTextField.swift in Sources */,
				53EB9FF0269DC45D00B7D14A /* YDSIcon.swift in Sources */,
				DD8DF13526786B3300EDD2B4 /* ScreenSize.swift in Sources */,
				53443D8C26A5A4850037B02E /* YDSPasswordTextFieldView.swift in Sources */,
				DD8DF13826786BD100EDD2B4 /* Animation.swift in Sources */,
				533A353F26AEA05F00CCEEAE /* YDSTextField.swift in Sources */,
				DD6C63D626429C6C004CFF46 /* YDSLabel.swift in Sources */,
			);
			runOnlyForDeploymentPostprocessing = 0;
		};
		DDFBCFF826739A6900C5F409 /* Sources */ = {
			isa = PBXSourcesBuildPhase;
			buildActionMask = 2147483647;
			files = (
				53443D9726A7000D0037B02E /* SearchBarSampleViewController.swift in Sources */,
				5370918626A546DF007CD775 /* SuffixTextFieldSampleViewController.swift in Sources */,
				DDFBD00326739A6900C5F409 /* SimpleTextFieldSampleViewController.swift in Sources */,
				DDFBCFFF26739A6900C5F409 /* AppDelegate.swift in Sources */,
				533A27B926A5351E009FD90A /* PageListTableViewCell.swift in Sources */,
				53443D9026A5CC7E0037B02E /* SearchTextFieldSampleViewController.swift in Sources */,
				533A27B326A52E56009FD90A /* PageListViewController.swift in Sources */,
				53443D8E26A5A8C40037B02E /* PasswordTextFieldSampleViewController.swift in Sources */,
			);
			runOnlyForDeploymentPostprocessing = 0;
		};
/* End PBXSourcesBuildPhase section */

/* Begin PBXTargetDependency section */
		DDFBD01F26739BEB00C5F409 /* PBXTargetDependency */ = {
			isa = PBXTargetDependency;
			target = DD151FA92641820200795D7C /* YDS-iOS */;
			targetProxy = DDFBD01E26739BEB00C5F409 /* PBXContainerItemProxy */;
		};
/* End PBXTargetDependency section */

/* Begin PBXVariantGroup section */
		DDFBD00426739A6900C5F409 /* Main.storyboard */ = {
			isa = PBXVariantGroup;
			children = (
				DDFBD00526739A6900C5F409 /* Base */,
			);
			name = Main.storyboard;
			sourceTree = "<group>";
		};
		DDFBD00926739A6B00C5F409 /* LaunchScreen.storyboard */ = {
			isa = PBXVariantGroup;
			children = (
				DDFBD00A26739A6B00C5F409 /* Base */,
			);
			name = LaunchScreen.storyboard;
			sourceTree = "<group>";
		};
/* End PBXVariantGroup section */

/* Begin XCBuildConfiguration section */
		DD151FB02641820200795D7C /* Debug */ = {
			isa = XCBuildConfiguration;
			buildSettings = {
				ALWAYS_SEARCH_USER_PATHS = NO;
				CLANG_ANALYZER_NONNULL = YES;
				CLANG_ANALYZER_NUMBER_OBJECT_CONVERSION = YES_AGGRESSIVE;
				CLANG_CXX_LANGUAGE_STANDARD = "gnu++14";
				CLANG_CXX_LIBRARY = "libc++";
				CLANG_ENABLE_MODULES = YES;
				CLANG_ENABLE_OBJC_ARC = YES;
				CLANG_ENABLE_OBJC_WEAK = YES;
				CLANG_WARN_BLOCK_CAPTURE_AUTORELEASING = YES;
				CLANG_WARN_BOOL_CONVERSION = YES;
				CLANG_WARN_COMMA = YES;
				CLANG_WARN_CONSTANT_CONVERSION = YES;
				CLANG_WARN_DEPRECATED_OBJC_IMPLEMENTATIONS = YES;
				CLANG_WARN_DIRECT_OBJC_ISA_USAGE = YES_ERROR;
				CLANG_WARN_DOCUMENTATION_COMMENTS = YES;
				CLANG_WARN_EMPTY_BODY = YES;
				CLANG_WARN_ENUM_CONVERSION = YES;
				CLANG_WARN_INFINITE_RECURSION = YES;
				CLANG_WARN_INT_CONVERSION = YES;
				CLANG_WARN_NON_LITERAL_NULL_CONVERSION = YES;
				CLANG_WARN_OBJC_IMPLICIT_RETAIN_SELF = YES;
				CLANG_WARN_OBJC_LITERAL_CONVERSION = YES;
				CLANG_WARN_OBJC_ROOT_CLASS = YES_ERROR;
				CLANG_WARN_QUOTED_INCLUDE_IN_FRAMEWORK_HEADER = YES;
				CLANG_WARN_RANGE_LOOP_ANALYSIS = YES;
				CLANG_WARN_STRICT_PROTOTYPES = YES;
				CLANG_WARN_SUSPICIOUS_MOVE = YES;
				CLANG_WARN_UNGUARDED_AVAILABILITY = YES_AGGRESSIVE;
				CLANG_WARN_UNREACHABLE_CODE = YES;
				CLANG_WARN__DUPLICATE_METHOD_MATCH = YES;
				COPY_PHASE_STRIP = NO;
				CURRENT_PROJECT_VERSION = 1;
				DEBUG_INFORMATION_FORMAT = dwarf;
				ENABLE_STRICT_OBJC_MSGSEND = YES;
				ENABLE_TESTABILITY = YES;
				GCC_C_LANGUAGE_STANDARD = gnu11;
				GCC_DYNAMIC_NO_PIC = NO;
				GCC_NO_COMMON_BLOCKS = YES;
				GCC_OPTIMIZATION_LEVEL = 0;
				GCC_PREPROCESSOR_DEFINITIONS = (
					"DEBUG=1",
					"$(inherited)",
				);
				GCC_WARN_64_TO_32_BIT_CONVERSION = YES;
				GCC_WARN_ABOUT_RETURN_TYPE = YES_ERROR;
				GCC_WARN_UNDECLARED_SELECTOR = YES;
				GCC_WARN_UNINITIALIZED_AUTOS = YES_AGGRESSIVE;
				GCC_WARN_UNUSED_FUNCTION = YES;
				GCC_WARN_UNUSED_VARIABLE = YES;
				IPHONEOS_DEPLOYMENT_TARGET = 14.4;
				MTL_ENABLE_DEBUG_INFO = INCLUDE_SOURCE;
				MTL_FAST_MATH = YES;
				ONLY_ACTIVE_ARCH = YES;
				SDKROOT = iphoneos;
				SWIFT_ACTIVE_COMPILATION_CONDITIONS = DEBUG;
				SWIFT_OPTIMIZATION_LEVEL = "-Onone";
				VERSIONING_SYSTEM = "apple-generic";
				VERSION_INFO_PREFIX = "";
			};
			name = Debug;
		};
		DD151FB12641820200795D7C /* Release */ = {
			isa = XCBuildConfiguration;
			buildSettings = {
				ALWAYS_SEARCH_USER_PATHS = NO;
				CLANG_ANALYZER_NONNULL = YES;
				CLANG_ANALYZER_NUMBER_OBJECT_CONVERSION = YES_AGGRESSIVE;
				CLANG_CXX_LANGUAGE_STANDARD = "gnu++14";
				CLANG_CXX_LIBRARY = "libc++";
				CLANG_ENABLE_MODULES = YES;
				CLANG_ENABLE_OBJC_ARC = YES;
				CLANG_ENABLE_OBJC_WEAK = YES;
				CLANG_WARN_BLOCK_CAPTURE_AUTORELEASING = YES;
				CLANG_WARN_BOOL_CONVERSION = YES;
				CLANG_WARN_COMMA = YES;
				CLANG_WARN_CONSTANT_CONVERSION = YES;
				CLANG_WARN_DEPRECATED_OBJC_IMPLEMENTATIONS = YES;
				CLANG_WARN_DIRECT_OBJC_ISA_USAGE = YES_ERROR;
				CLANG_WARN_DOCUMENTATION_COMMENTS = YES;
				CLANG_WARN_EMPTY_BODY = YES;
				CLANG_WARN_ENUM_CONVERSION = YES;
				CLANG_WARN_INFINITE_RECURSION = YES;
				CLANG_WARN_INT_CONVERSION = YES;
				CLANG_WARN_NON_LITERAL_NULL_CONVERSION = YES;
				CLANG_WARN_OBJC_IMPLICIT_RETAIN_SELF = YES;
				CLANG_WARN_OBJC_LITERAL_CONVERSION = YES;
				CLANG_WARN_OBJC_ROOT_CLASS = YES_ERROR;
				CLANG_WARN_QUOTED_INCLUDE_IN_FRAMEWORK_HEADER = YES;
				CLANG_WARN_RANGE_LOOP_ANALYSIS = YES;
				CLANG_WARN_STRICT_PROTOTYPES = YES;
				CLANG_WARN_SUSPICIOUS_MOVE = YES;
				CLANG_WARN_UNGUARDED_AVAILABILITY = YES_AGGRESSIVE;
				CLANG_WARN_UNREACHABLE_CODE = YES;
				CLANG_WARN__DUPLICATE_METHOD_MATCH = YES;
				COPY_PHASE_STRIP = NO;
				CURRENT_PROJECT_VERSION = 1;
				DEBUG_INFORMATION_FORMAT = "dwarf-with-dsym";
				ENABLE_NS_ASSERTIONS = NO;
				ENABLE_STRICT_OBJC_MSGSEND = YES;
				GCC_C_LANGUAGE_STANDARD = gnu11;
				GCC_NO_COMMON_BLOCKS = YES;
				GCC_WARN_64_TO_32_BIT_CONVERSION = YES;
				GCC_WARN_ABOUT_RETURN_TYPE = YES_ERROR;
				GCC_WARN_UNDECLARED_SELECTOR = YES;
				GCC_WARN_UNINITIALIZED_AUTOS = YES_AGGRESSIVE;
				GCC_WARN_UNUSED_FUNCTION = YES;
				GCC_WARN_UNUSED_VARIABLE = YES;
				IPHONEOS_DEPLOYMENT_TARGET = 14.4;
				MTL_ENABLE_DEBUG_INFO = NO;
				MTL_FAST_MATH = YES;
				ONLY_ACTIVE_ARCH = NO;
				SDKROOT = iphoneos;
				SWIFT_COMPILATION_MODE = wholemodule;
				SWIFT_OPTIMIZATION_LEVEL = "-O";
				VALIDATE_PRODUCT = YES;
				VERSIONING_SYSTEM = "apple-generic";
				VERSION_INFO_PREFIX = "";
			};
			name = Release;
		};
		DD151FB32641820200795D7C /* Debug */ = {
			isa = XCBuildConfiguration;
			baseConfigurationReference = CAB6ABABCFBED4568643704E /* Pods-YDS-iOS.debug.xcconfig */;
			buildSettings = {
				CLANG_ENABLE_MODULES = YES;
				CODE_SIGN_STYLE = Automatic;
				DEFINES_MODULE = YES;
				DEVELOPMENT_TEAM = 86886QH957;
				DYLIB_COMPATIBILITY_VERSION = 1;
				DYLIB_CURRENT_VERSION = 1;
				DYLIB_INSTALL_NAME_BASE = "@rpath";
				INFOPLIST_FILE = "YDS-iOS/Info.plist";
				INSTALL_PATH = "$(LOCAL_LIBRARY_DIR)/Frameworks";
				LD_RUNPATH_SEARCH_PATHS = (
					"$(inherited)",
					"@executable_path/Frameworks",
					"@loader_path/Frameworks",
				);
				PRODUCT_BUNDLE_IDENTIFIER = "com.yourssu.YDS-iOS";
				PRODUCT_NAME = "$(TARGET_NAME:c99extidentifier)";
				SKIP_INSTALL = YES;
				SWIFT_OPTIMIZATION_LEVEL = "-Onone";
				SWIFT_VERSION = 5.0;
				TARGETED_DEVICE_FAMILY = "1,2";
			};
			name = Debug;
		};
		DD151FB42641820200795D7C /* Release */ = {
			isa = XCBuildConfiguration;
			baseConfigurationReference = 83D4CE5D94099965012AAC5F /* Pods-YDS-iOS.release.xcconfig */;
			buildSettings = {
				CLANG_ENABLE_MODULES = YES;
				CODE_SIGN_STYLE = Automatic;
				DEFINES_MODULE = YES;
				DEVELOPMENT_TEAM = 86886QH957;
				DYLIB_COMPATIBILITY_VERSION = 1;
				DYLIB_CURRENT_VERSION = 1;
				DYLIB_INSTALL_NAME_BASE = "@rpath";
				INFOPLIST_FILE = "YDS-iOS/Info.plist";
				INSTALL_PATH = "$(LOCAL_LIBRARY_DIR)/Frameworks";
				LD_RUNPATH_SEARCH_PATHS = (
					"$(inherited)",
					"@executable_path/Frameworks",
					"@loader_path/Frameworks",
				);
				PRODUCT_BUNDLE_IDENTIFIER = "com.yourssu.YDS-iOS";
				PRODUCT_NAME = "$(TARGET_NAME:c99extidentifier)";
				SKIP_INSTALL = YES;
				SWIFT_VERSION = 5.0;
				TARGETED_DEVICE_FAMILY = "1,2";
			};
			name = Release;
		};
		DDFBD00D26739A6B00C5F409 /* Debug */ = {
			isa = XCBuildConfiguration;
			baseConfigurationReference = 554368B105B7A0A286055A24 /* Pods-YDS-iOS-YDS-Sample.debug.xcconfig */;
			buildSettings = {
				ASSETCATALOG_COMPILER_APPICON_NAME = AppIcon;
				ASSETCATALOG_COMPILER_GLOBAL_ACCENT_COLOR_NAME = AccentColor;
				CODE_SIGN_STYLE = Automatic;
				DEVELOPMENT_TEAM = 86886QH957;
				INFOPLIST_FILE = "YDS-Sample/Info.plist";
				LD_RUNPATH_SEARCH_PATHS = (
					"$(inherited)",
					"@executable_path/Frameworks",
				);
				PRODUCT_BUNDLE_IDENTIFIER = "com.yourssu.YDS-Sample";
				PRODUCT_NAME = "$(TARGET_NAME)";
				SWIFT_VERSION = 5.0;
				TARGETED_DEVICE_FAMILY = "1,2";
			};
			name = Debug;
		};
		DDFBD00E26739A6B00C5F409 /* Release */ = {
			isa = XCBuildConfiguration;
			baseConfigurationReference = 3F225A28A7B2166F374ABC3C /* Pods-YDS-iOS-YDS-Sample.release.xcconfig */;
			buildSettings = {
				ASSETCATALOG_COMPILER_APPICON_NAME = AppIcon;
				ASSETCATALOG_COMPILER_GLOBAL_ACCENT_COLOR_NAME = AccentColor;
				CODE_SIGN_STYLE = Automatic;
				DEVELOPMENT_TEAM = 86886QH957;
				INFOPLIST_FILE = "YDS-Sample/Info.plist";
				LD_RUNPATH_SEARCH_PATHS = (
					"$(inherited)",
					"@executable_path/Frameworks",
				);
				PRODUCT_BUNDLE_IDENTIFIER = "com.yourssu.YDS-Sample";
				PRODUCT_NAME = "$(TARGET_NAME)";
				SWIFT_VERSION = 5.0;
				TARGETED_DEVICE_FAMILY = "1,2";
			};
			name = Release;
		};
/* End XCBuildConfiguration section */

/* Begin XCConfigurationList section */
		DD151FA42641820200795D7C /* Build configuration list for PBXProject "YDS-iOS" */ = {
			isa = XCConfigurationList;
			buildConfigurations = (
				DD151FB02641820200795D7C /* Debug */,
				DD151FB12641820200795D7C /* Release */,
			);
			defaultConfigurationIsVisible = 0;
			defaultConfigurationName = Release;
		};
		DD151FB22641820200795D7C /* Build configuration list for PBXNativeTarget "YDS-iOS" */ = {
			isa = XCConfigurationList;
			buildConfigurations = (
				DD151FB32641820200795D7C /* Debug */,
				DD151FB42641820200795D7C /* Release */,
			);
			defaultConfigurationIsVisible = 0;
			defaultConfigurationName = Release;
		};
		DDFBD00F26739A6B00C5F409 /* Build configuration list for PBXNativeTarget "YDS-Sample" */ = {
			isa = XCConfigurationList;
			buildConfigurations = (
				DDFBD00D26739A6B00C5F409 /* Debug */,
				DDFBD00E26739A6B00C5F409 /* Release */,
			);
			defaultConfigurationIsVisible = 0;
			defaultConfigurationName = Release;
		};
/* End XCConfigurationList section */
	};
	rootObject = DD151FA12641820200795D7C /* Project object */;
}
