// !$*UTF8*$!
{
	archiveVersion = 1;
	classes = {
	};
	objectVersion = 52;
	objects = {

/* Begin PBXBuildFile section */
		530F6DBB26D2141500856758 /* PanModal in Frameworks */ = {isa = PBXBuildFile; productRef = 530F6DBA26D2141500856758 /* PanModal */; };
		530F6DBE26D2142100856758 /* SnapKit in Frameworks */ = {isa = PBXBuildFile; productRef = 530F6DBD26D2142100856758 /* SnapKit */; };
		532DBFD226EC7323008C2354 /* UITableView+Generic.swift in Sources */ = {isa = PBXBuildFile; fileRef = 532DBFD126EC7323008C2354 /* UITableView+Generic.swift */; };
		532DBFD526EC734F008C2354 /* UIView+AddSubviews.swift in Sources */ = {isa = PBXBuildFile; fileRef = 532DBFD426EC734F008C2354 /* UIView+AddSubviews.swift */; };
		532DBFD726EC736C008C2354 /* UIStackView+AddArrangedSubviews.swift in Sources */ = {isa = PBXBuildFile; fileRef = 532DBFD626EC736C008C2354 /* UIStackView+AddArrangedSubviews.swift */; };
		532DBFD926EC7863008C2354 /* UIViewController+Embed.swift in Sources */ = {isa = PBXBuildFile; fileRef = 532DBFD826EC7863008C2354 /* UIViewController+Embed.swift */; };
		532DBFDB26ED0508008C2354 /* YDSColorArray.swift in Sources */ = {isa = PBXBuildFile; fileRef = 532DBFDA26ED0508008C2354 /* YDSColorArray.swift */; };
		5337938826AF08E000BE5860 /* RxSwift in Frameworks */ = {isa = PBXBuildFile; productRef = 5337938726AF08E000BE5860 /* RxSwift */; };
		5337938A26AF08E000BE5860 /* RxCocoa in Frameworks */ = {isa = PBXBuildFile; productRef = 5337938926AF08E000BE5860 /* RxCocoa */; };
		5337938C26AF096A00BE5860 /* StorybookPageViewController.swift in Sources */ = {isa = PBXBuildFile; fileRef = 5337938B26AF096A00BE5860 /* StorybookPageViewController.swift */; };
		5337938E26AF09BF00BE5860 /* ControllerView.swift in Sources */ = {isa = PBXBuildFile; fileRef = 5337938D26AF09BF00BE5860 /* ControllerView.swift */; };
		5337939026AF0A0600BE5860 /* OptionalStringControllerView.swift in Sources */ = {isa = PBXBuildFile; fileRef = 5337938F26AF0A0600BE5860 /* OptionalStringControllerView.swift */; };
		5337939226AF0A7300BE5860 /* BoxButtonPageViewController.swift in Sources */ = {isa = PBXBuildFile; fileRef = 5337939126AF0A7300BE5860 /* BoxButtonPageViewController.swift */; };
		533A279D26A48683009FD90A /* YDSSimpleTextField.swift in Sources */ = {isa = PBXBuildFile; fileRef = 533A279C26A48683009FD90A /* YDSSimpleTextField.swift */; };
		533A27A026A48691009FD90A /* YDSSimpleTextFieldView.swift in Sources */ = {isa = PBXBuildFile; fileRef = 533A279F26A48691009FD90A /* YDSSimpleTextFieldView.swift */; };
		533A27B326A52E56009FD90A /* PageListViewController.swift in Sources */ = {isa = PBXBuildFile; fileRef = 533A27B226A52E56009FD90A /* PageListViewController.swift */; };
		533A27B926A5351E009FD90A /* PageListTableViewCell.swift in Sources */ = {isa = PBXBuildFile; fileRef = 533A27B826A5351E009FD90A /* PageListTableViewCell.swift */; };
		533A353D26AE9E5800CCEEAE /* YDSTextFieldView.swift in Sources */ = {isa = PBXBuildFile; fileRef = 533A353C26AE9E5800CCEEAE /* YDSTextFieldView.swift */; };
		533A353F26AEA05F00CCEEAE /* YDSTextField.swift in Sources */ = {isa = PBXBuildFile; fileRef = 533A353E26AEA05E00CCEEAE /* YDSTextField.swift */; };
		53441AFA26AF14B500CB6BC9 /* YDSTypoStyle.swift in Sources */ = {isa = PBXBuildFile; fileRef = 533A278926A42E72009FD90A /* YDSTypoStyle.swift */; };
		53441AFB26AF14C500CB6BC9 /* YDSFont.swift in Sources */ = {isa = PBXBuildFile; fileRef = DD6C6383264286FB004CFF46 /* YDSFont.swift */; };
		53441AFC26AF14CC00CB6BC9 /* YDSToggle.swift in Sources */ = {isa = PBXBuildFile; fileRef = 53A31B5D266F500300461C29 /* YDSToggle.swift */; };
		53441AFE26AF1E7E00CB6BC9 /* OptionalImageControllerView.swift in Sources */ = {isa = PBXBuildFile; fileRef = 53441AFD26AF1E7E00CB6BC9 /* OptionalImageControllerView.swift */; };
		53441B0026AF233800CB6BC9 /* PickerControllerView.swift in Sources */ = {isa = PBXBuildFile; fileRef = 53441AFF26AF233800CB6BC9 /* PickerControllerView.swift */; };
		53441B0226AF248900CB6BC9 /* EnumControllerView.swift in Sources */ = {isa = PBXBuildFile; fileRef = 53441B0126AF248900CB6BC9 /* EnumControllerView.swift */; };
		53441B0426AF287600CB6BC9 /* BoolControllerView.swift in Sources */ = {isa = PBXBuildFile; fileRef = 53441B0326AF287600CB6BC9 /* BoolControllerView.swift */; };
		53443D8A26A5A4770037B02E /* YDSPasswordTextField.swift in Sources */ = {isa = PBXBuildFile; fileRef = 53443D8926A5A4770037B02E /* YDSPasswordTextField.swift */; };
		53443D8C26A5A4850037B02E /* YDSPasswordTextFieldView.swift in Sources */ = {isa = PBXBuildFile; fileRef = 53443D8B26A5A4850037B02E /* YDSPasswordTextFieldView.swift */; };
		53443D9226A5CD3E0037B02E /* YDSSearchTextField.swift in Sources */ = {isa = PBXBuildFile; fileRef = 53443D9126A5CD3E0037B02E /* YDSSearchTextField.swift */; };
		53443D9526A5D5DA0037B02E /* YDSSearchBar.swift in Sources */ = {isa = PBXBuildFile; fileRef = 53443D9426A5D5DA0037B02E /* YDSSearchBar.swift */; };
		53443D9E26A7D4BD0037B02E /* YDSBoxButton.swift in Sources */ = {isa = PBXBuildFile; fileRef = 53443D9D26A7D4BD0037B02E /* YDSBoxButton.swift */; };
		5359111B269DDA31000CFFE7 /* YDSIconView.swift in Sources */ = {isa = PBXBuildFile; fileRef = 5359111A269DDA31000CFFE7 /* YDSIconView.swift */; };
		5359A5BD26BEC30300FCCECC /* YDSBottomBarController.swift in Sources */ = {isa = PBXBuildFile; fileRef = 5359A5BC26BEC30300FCCECC /* YDSBottomBarController.swift */; };
		5359A5C126BEC99700FCCECC /* BottomBarControllerPageViewController.swift in Sources */ = {isa = PBXBuildFile; fileRef = 5359A5C026BEC99700FCCECC /* BottomBarControllerPageViewController.swift */; };
		5359A5C326BECF7400FCCECC /* YDSDoubleTitleTopBar.swift in Sources */ = {isa = PBXBuildFile; fileRef = 5359A5C226BECF7400FCCECC /* YDSDoubleTitleTopBar.swift */; };
		5359A5C526BED19900FCCECC /* DoubleTitleTopBarPageViewController.swift in Sources */ = {isa = PBXBuildFile; fileRef = 5359A5C426BED19900FCCECC /* DoubleTitleTopBarPageViewController.swift */; };
		5365FD59274A41F400B6FBF9 /* LabelPageViewController.swift in Sources */ = {isa = PBXBuildFile; fileRef = 5365FD58274A41F400B6FBF9 /* LabelPageViewController.swift */; };
		5365FD5B274A4ED000B6FBF9 /* IntControllerView.swift in Sources */ = {isa = PBXBuildFile; fileRef = 5365FD5A274A4ED000B6FBF9 /* IntControllerView.swift */; };
		536FCA50267CD25300158DFD /* YDSIcon.xcassets in Resources */ = {isa = PBXBuildFile; fileRef = 536FCA4F267CD25300158DFD /* YDSIcon.xcassets */; };
		5370918226A5463C007CD775 /* YDSSuffixTextField.swift in Sources */ = {isa = PBXBuildFile; fileRef = 5370918126A5463C007CD775 /* YDSSuffixTextField.swift */; };
		5370918426A5467D007CD775 /* YDSSuffixTextFieldView.swift in Sources */ = {isa = PBXBuildFile; fileRef = 5370918326A5467D007CD775 /* YDSSuffixTextFieldView.swift */; };
		537A0ACE26C4188C00142DCE /* DoubleTitleTopBarSampleViewController.swift in Sources */ = {isa = PBXBuildFile; fileRef = 537A0ACD26C4188C00142DCE /* DoubleTitleTopBarSampleViewController.swift */; };
		537A0AD026C4189700142DCE /* SingleTitleTopBarSampleViewController.swift in Sources */ = {isa = PBXBuildFile; fileRef = 537A0ACF26C4189700142DCE /* SingleTitleTopBarSampleViewController.swift */; };
		537A0AD326C51DB000142DCE /* YDSButtonProtocol.swift in Sources */ = {isa = PBXBuildFile; fileRef = 53C9F6F826B5546400EF7B86 /* YDSButtonProtocol.swift */; };
		537FFAA426C3E5C200270C22 /* TopBarPageViewController.swift in Sources */ = {isa = PBXBuildFile; fileRef = 537FFAA326C3E5C200270C22 /* TopBarPageViewController.swift */; };
		537FFAA626C3E6F800270C22 /* TopBarSampleViewController.swift in Sources */ = {isa = PBXBuildFile; fileRef = 537FFAA526C3E6F800270C22 /* TopBarSampleViewController.swift */; };
		5383752726D27D45002E96AC /* YDS.framework in Frameworks */ = {isa = PBXBuildFile; fileRef = DD151FAA2641820200795D7C /* YDS.framework */; };
		5383752826D27D45002E96AC /* YDS.framework in Embed Frameworks */ = {isa = PBXBuildFile; fileRef = DD151FAA2641820200795D7C /* YDS.framework */; settings = {ATTRIBUTES = (CodeSignOnCopy, RemoveHeadersOnCopy, ); }; };
		5386E42126D27B0200B1C44E /* YDSThemeColor.swift in Sources */ = {isa = PBXBuildFile; fileRef = 5386E42026D27B0200B1C44E /* YDSThemeColor.swift */; };
		53887E9C26B54834006E40F6 /* YDSPlainButton.swift in Sources */ = {isa = PBXBuildFile; fileRef = 53887E9B26B54834006E40F6 /* YDSPlainButton.swift */; };
		538ACCAE26EB40380044A437 /* ColorsPageViewController.swift in Sources */ = {isa = PBXBuildFile; fileRef = 538ACCAD26EB40380044A437 /* ColorsPageViewController.swift */; };
		538ACCB226EB409C0044A437 /* ColorsListItemCell.swift in Sources */ = {isa = PBXBuildFile; fileRef = 538ACCB126EB409C0044A437 /* ColorsListItemCell.swift */; };
		538ACCB426EB40A60044A437 /* ColorsListTableViewController.swift in Sources */ = {isa = PBXBuildFile; fileRef = 538ACCB326EB40A60044A437 /* ColorsListTableViewController.swift */; };
		539110B226C048020094FD08 /* YDSSingleTitleTopBar.swift in Sources */ = {isa = PBXBuildFile; fileRef = 539110B126C048020094FD08 /* YDSSingleTitleTopBar.swift */; };
		539110B426C049BD0094FD08 /* SingleTitleTopBarPageViewController.swift in Sources */ = {isa = PBXBuildFile; fileRef = 539110B326C049BD0094FD08 /* SingleTitleTopBarPageViewController.swift */; };
		539110B626C052670094FD08 /* YDSTopBarButton.swift in Sources */ = {isa = PBXBuildFile; fileRef = 539110B526C052670094FD08 /* YDSTopBarButton.swift */; };
		539110B826C1484A0094FD08 /* YDSNavigationController.swift in Sources */ = {isa = PBXBuildFile; fileRef = 539110B726C1484A0094FD08 /* YDSNavigationController.swift */; };
		539110BC26C373C90094FD08 /* UINavigationBar+Extension.swift in Sources */ = {isa = PBXBuildFile; fileRef = 539110BB26C373C90094FD08 /* UINavigationBar+Extension.swift */; };
		539110BF26C3743D0094FD08 /* YDSTopBar.swift in Sources */ = {isa = PBXBuildFile; fileRef = 539110BE26C3743D0094FD08 /* YDSTopBar.swift */; };
		5394692E2663D6DB003D7A44 /* YDSConstant.swift in Sources */ = {isa = PBXBuildFile; fileRef = 5394692D2663D6DB003D7A44 /* YDSConstant.swift */; };
		539C570827A5C5AC0064A90C /* BottomSheetPageViewController.swift in Sources */ = {isa = PBXBuildFile; fileRef = 539C570727A5C5AC0064A90C /* BottomSheetPageViewController.swift */; };
		53ADEA2326A1794800153636 /* YDSBundle.swift in Sources */ = {isa = PBXBuildFile; fileRef = 53ADEA2226A1794800153636 /* YDSBundle.swift */; };
		53C445B126B92BEB00AAC753 /* CheckboxPageViewController.swift in Sources */ = {isa = PBXBuildFile; fileRef = 53C445B026B92BEB00AAC753 /* CheckboxPageViewController.swift */; };
		53C9F6F726B54B4000EF7B86 /* PlainButtonPageViewController.swift in Sources */ = {isa = PBXBuildFile; fileRef = 53C9F6F626B54B4000EF7B86 /* PlainButtonPageViewController.swift */; };
		53C9F6F926B5546500EF7B86 /* YDSButtonProtocol.swift in Sources */ = {isa = PBXBuildFile; fileRef = 53C9F6F826B5546400EF7B86 /* YDSButtonProtocol.swift */; };
		53C9F6FC26B5568600EF7B86 /* YDSIconArray.swift in Sources */ = {isa = PBXBuildFile; fileRef = 53C9F6FB26B5568600EF7B86 /* YDSIconArray.swift */; };
		53C9F6FE26B58BFD00EF7B86 /* YDSBadge.swift in Sources */ = {isa = PBXBuildFile; fileRef = 53C9F6FD26B58BFD00EF7B86 /* YDSBadge.swift */; };
		53C9F70026B58EBB00EF7B86 /* YDSItemColor.swift in Sources */ = {isa = PBXBuildFile; fileRef = 53C9F6FF26B58EBB00EF7B86 /* YDSItemColor.swift */; };
		53C9F70226B5976700EF7B86 /* BadgePageViewController.swift in Sources */ = {isa = PBXBuildFile; fileRef = 53C9F70126B5976700EF7B86 /* BadgePageViewController.swift */; };
		53C9F70426B5BC1A00EF7B86 /* YDSProfileImageView.swift in Sources */ = {isa = PBXBuildFile; fileRef = 53C9F70326B5BC1A00EF7B86 /* YDSProfileImageView.swift */; };
		53C9F70626B5BCCE00EF7B86 /* ProfileImageViewPageViewController.swift in Sources */ = {isa = PBXBuildFile; fileRef = 53C9F70526B5BCCE00EF7B86 /* ProfileImageViewPageViewController.swift */; };
		53C9F70C26B67CE900EF7B86 /* YDSCheckbox.swift in Sources */ = {isa = PBXBuildFile; fileRef = 53C9F70B26B67CE900EF7B86 /* YDSCheckbox.swift */; };
		53E26E8626F0619E0036648E /* TypographiesPageViewController.swift in Sources */ = {isa = PBXBuildFile; fileRef = 53E26E8526F0619E0036648E /* TypographiesPageViewController.swift */; };
		53E26E8826F061F80036648E /* TypographiesListTableViewController.swift in Sources */ = {isa = PBXBuildFile; fileRef = 53E26E8726F061F80036648E /* TypographiesListTableViewController.swift */; };
		53E26E8A26F062180036648E /* TypographiesListItemCell.swift in Sources */ = {isa = PBXBuildFile; fileRef = 53E26E8926F062180036648E /* TypographiesListItemCell.swift */; };
		53E26E8C26F0637A0036648E /* YDSTypographyArray.swift in Sources */ = {isa = PBXBuildFile; fileRef = 53E26E8B26F0637A0036648E /* YDSTypographyArray.swift */; };
		53E2CF3C26D29F62000DE005 /* SimpleTextFieldViewPageViewController.swift in Sources */ = {isa = PBXBuildFile; fileRef = 53E2CF3B26D29F62000DE005 /* SimpleTextFieldViewPageViewController.swift */; };
		53E2CF3E26D2A1ED000DE005 /* SuffixTextFieldViewPageViewController.swift in Sources */ = {isa = PBXBuildFile; fileRef = 53E2CF3D26D2A1ED000DE005 /* SuffixTextFieldViewPageViewController.swift */; };
		53E2CF4026D2A2B1000DE005 /* PasswordTextFieldViewPageViewController.swift in Sources */ = {isa = PBXBuildFile; fileRef = 53E2CF3F26D2A2B1000DE005 /* PasswordTextFieldViewPageViewController.swift */; };
		53E2CF4226D2A3DA000DE005 /* SearchTextFieldPageViewController.swift in Sources */ = {isa = PBXBuildFile; fileRef = 53E2CF4126D2A3DA000DE005 /* SearchTextFieldPageViewController.swift */; };
		53E2CF4426D2A462000DE005 /* SearchBarPageViewController.swift in Sources */ = {isa = PBXBuildFile; fileRef = 53E2CF4326D2A462000DE005 /* SearchBarPageViewController.swift */; };
		53EB943926A1E33A00208496 /* YDSDivider.swift in Sources */ = {isa = PBXBuildFile; fileRef = 53EB943826A1E33A00208496 /* YDSDivider.swift */; };
		53EB9FF0269DC45D00B7D14A /* YDSIcon.swift in Sources */ = {isa = PBXBuildFile; fileRef = 53EB9FEF269DC45D00B7D14A /* YDSIcon.swift */; };
		53EFF5CE26BA9CD400732DCF /* YDSToast.swift in Sources */ = {isa = PBXBuildFile; fileRef = 53EFF5CD26BA9CD400732DCF /* YDSToast.swift */; };
		53EFF5D426BBC26900732DCF /* ToastPageViewController.swift in Sources */ = {isa = PBXBuildFile; fileRef = 53EFF5D326BBC26900732DCF /* ToastPageViewController.swift */; };
		53FE9B6D26C524C400107148 /* YDSButtonProtocol.swift in Sources */ = {isa = PBXBuildFile; fileRef = 53C9F6F826B5546400EF7B86 /* YDSButtonProtocol.swift */; };
		C350ABE22808587600BFC9C0 /* TooltipPageViewController.swift in Sources */ = {isa = PBXBuildFile; fileRef = C350ABE12808587600BFC9C0 /* TooltipPageViewController.swift */; };
		C350ABE42808589200BFC9C0 /* TooltipSampleViewController.swift in Sources */ = {isa = PBXBuildFile; fileRef = C350ABE32808589200BFC9C0 /* TooltipSampleViewController.swift */; };
		C350ABE6280858B900BFC9C0 /* YDSTooltip.swift in Sources */ = {isa = PBXBuildFile; fileRef = C350ABE5280858B900BFC9C0 /* YDSTooltip.swift */; };
		C37F356D27DE3475007DF859 /* YDSTextView.swift in Sources */ = {isa = PBXBuildFile; fileRef = C37F356C27DE3475007DF859 /* YDSTextView.swift */; };
		C37F357027DE34A3007DF859 /* Optional+isEmpty.swift in Sources */ = {isa = PBXBuildFile; fileRef = C37F356F27DE34A3007DF859 /* Optional+isEmpty.swift */; };
		C37F357227DE34FE007DF859 /* TextViewViewController.swift in Sources */ = {isa = PBXBuildFile; fileRef = C37F357127DE34FE007DF859 /* TextViewViewController.swift */; };
		C3985FB627F832EA00389A22 /* SceneDelegate.swift in Sources */ = {isa = PBXBuildFile; fileRef = C3985FB527F832EA00389A22 /* SceneDelegate.swift */; };
		C3985FB827F839A700389A22 /* UIApplication+findWindow.swift in Sources */ = {isa = PBXBuildFile; fileRef = C3985FB727F839A700389A22 /* UIApplication+findWindow.swift */; };
		C3A3498627E710F900005034 /* Optional+isEmpty.swift in Sources */ = {isa = PBXBuildFile; fileRef = C3A3498527E710F900005034 /* Optional+isEmpty.swift */; };
		C79DF3EA279F3868009763AC /* BottomSheetPageViewController.swift in Sources */ = {isa = PBXBuildFile; fileRef = C79DF3E9279F3868009763AC /* BottomSheetPageViewController.swift */; };
		C7F6908927DDCD17002B63C9 /* IconsPageViewController.swift in Sources */ = {isa = PBXBuildFile; fileRef = C7F6908827DDCD17002B63C9 /* IconsPageViewController.swift */; };
		C7F6908B27DDCDD3002B63C9 /* IconsListTableViewController.swift in Sources */ = {isa = PBXBuildFile; fileRef = C7F6908A27DDCDD3002B63C9 /* IconsListTableViewController.swift */; };
		C7F6908D27DDDA03002B63C9 /* IconsListItemCell.swift in Sources */ = {isa = PBXBuildFile; fileRef = C7F6908C27DDDA03002B63C9 /* IconsListItemCell.swift */; };
		DD151FAF2641820200795D7C /* YDS.h in Headers */ = {isa = PBXBuildFile; fileRef = DD151FAD2641820200795D7C /* YDS.h */; settings = {ATTRIBUTES = (Public, ); }; };
		DD48C1EC26735052004B288E /* YDSBottomSheet.swift in Sources */ = {isa = PBXBuildFile; fileRef = DD48C1EB26735052004B288E /* YDSBottomSheet.swift */; };
		DD6C63D626429C6C004CFF46 /* YDSLabel.swift in Sources */ = {isa = PBXBuildFile; fileRef = DD6C63D526429C6C004CFF46 /* YDSLabel.swift */; };
		DD8DF13526786B3300EDD2B4 /* YDSScreenSize.swift in Sources */ = {isa = PBXBuildFile; fileRef = DD8DF13426786B3300EDD2B4 /* YDSScreenSize.swift */; };
		DD8DF13826786BD100EDD2B4 /* YDSAnimation.swift in Sources */ = {isa = PBXBuildFile; fileRef = DD8DF13726786BD100EDD2B4 /* YDSAnimation.swift */; };
		DD9F4CAE27EB0623004F6CB5 /* YDSEmojiButton.swift in Sources */ = {isa = PBXBuildFile; fileRef = DD9F4CAD27EB0623004F6CB5 /* YDSEmojiButton.swift */; };
		DD9F4CB027EB0663004F6CB5 /* EmojiButtonPageViewController.swift in Sources */ = {isa = PBXBuildFile; fileRef = DD9F4CAF27EB0663004F6CB5 /* EmojiButtonPageViewController.swift */; };
		DDDC3C7A265E7072007ED3FE /* YDSBasicColor.swift in Sources */ = {isa = PBXBuildFile; fileRef = DDDC3C79265E7072007ED3FE /* YDSBasicColor.swift */; };
		DDDC3C82265E8276007ED3FE /* YDSSemanticColor.swift in Sources */ = {isa = PBXBuildFile; fileRef = DDDC3C81265E8276007ED3FE /* YDSSemanticColor.swift */; };
		DDFBCFFF26739A6900C5F409 /* AppDelegate.swift in Sources */ = {isa = PBXBuildFile; fileRef = DDFBCFFE26739A6900C5F409 /* AppDelegate.swift */; };
		DDFBD00626739A6900C5F409 /* Main.storyboard in Resources */ = {isa = PBXBuildFile; fileRef = DDFBD00426739A6900C5F409 /* Main.storyboard */; };
		DDFBD00826739A6B00C5F409 /* Assets.xcassets in Resources */ = {isa = PBXBuildFile; fileRef = DDFBD00726739A6B00C5F409 /* Assets.xcassets */; };
		DDFBD00B26739A6B00C5F409 /* LaunchScreen.storyboard in Resources */ = {isa = PBXBuildFile; fileRef = DDFBD00926739A6B00C5F409 /* LaunchScreen.storyboard */; };
/* End PBXBuildFile section */

/* Begin PBXContainerItemProxy section */
		5383752526D27D32002E96AC /* PBXContainerItemProxy */ = {
			isa = PBXContainerItemProxy;
			containerPortal = DD151FA12641820200795D7C /* Project object */;
			proxyType = 1;
			remoteGlobalIDString = DD151FA92641820200795D7C;
			remoteInfo = YDS;
		};
/* End PBXContainerItemProxy section */

/* Begin PBXCopyFilesBuildPhase section */
		5383752B26D27D45002E96AC /* Embed Frameworks */ = {
			isa = PBXCopyFilesBuildPhase;
			buildActionMask = 2147483647;
			dstPath = "";
			dstSubfolderSpec = 10;
			files = (
				5383752826D27D45002E96AC /* YDS.framework in Embed Frameworks */,
			);
			name = "Embed Frameworks";
			runOnlyForDeploymentPostprocessing = 0;
		};
/* End PBXCopyFilesBuildPhase section */

/* Begin PBXFileReference section */
		532DBFD126EC7323008C2354 /* UITableView+Generic.swift */ = {isa = PBXFileReference; lastKnownFileType = sourcecode.swift; path = "UITableView+Generic.swift"; sourceTree = "<group>"; };
		532DBFD426EC734F008C2354 /* UIView+AddSubviews.swift */ = {isa = PBXFileReference; lastKnownFileType = sourcecode.swift; path = "UIView+AddSubviews.swift"; sourceTree = "<group>"; };
		532DBFD626EC736C008C2354 /* UIStackView+AddArrangedSubviews.swift */ = {isa = PBXFileReference; lastKnownFileType = sourcecode.swift; path = "UIStackView+AddArrangedSubviews.swift"; sourceTree = "<group>"; };
		532DBFD826EC7863008C2354 /* UIViewController+Embed.swift */ = {isa = PBXFileReference; lastKnownFileType = sourcecode.swift; path = "UIViewController+Embed.swift"; sourceTree = "<group>"; };
		532DBFDA26ED0508008C2354 /* YDSColorArray.swift */ = {isa = PBXFileReference; lastKnownFileType = sourcecode.swift; path = YDSColorArray.swift; sourceTree = "<group>"; };
		5337938B26AF096A00BE5860 /* StorybookPageViewController.swift */ = {isa = PBXFileReference; lastKnownFileType = sourcecode.swift; path = StorybookPageViewController.swift; sourceTree = "<group>"; };
		5337938D26AF09BF00BE5860 /* ControllerView.swift */ = {isa = PBXFileReference; lastKnownFileType = sourcecode.swift; path = ControllerView.swift; sourceTree = "<group>"; };
		5337938F26AF0A0600BE5860 /* OptionalStringControllerView.swift */ = {isa = PBXFileReference; lastKnownFileType = sourcecode.swift; path = OptionalStringControllerView.swift; sourceTree = "<group>"; };
		5337939126AF0A7300BE5860 /* BoxButtonPageViewController.swift */ = {isa = PBXFileReference; lastKnownFileType = sourcecode.swift; path = BoxButtonPageViewController.swift; sourceTree = "<group>"; };
		533A278926A42E72009FD90A /* YDSTypoStyle.swift */ = {isa = PBXFileReference; lastKnownFileType = sourcecode.swift; path = YDSTypoStyle.swift; sourceTree = "<group>"; };
		533A279C26A48683009FD90A /* YDSSimpleTextField.swift */ = {isa = PBXFileReference; lastKnownFileType = sourcecode.swift; path = YDSSimpleTextField.swift; sourceTree = "<group>"; };
		533A279F26A48691009FD90A /* YDSSimpleTextFieldView.swift */ = {isa = PBXFileReference; lastKnownFileType = sourcecode.swift; path = YDSSimpleTextFieldView.swift; sourceTree = "<group>"; };
		533A27B226A52E56009FD90A /* PageListViewController.swift */ = {isa = PBXFileReference; lastKnownFileType = sourcecode.swift; path = PageListViewController.swift; sourceTree = "<group>"; };
		533A27B826A5351E009FD90A /* PageListTableViewCell.swift */ = {isa = PBXFileReference; lastKnownFileType = sourcecode.swift; path = PageListTableViewCell.swift; sourceTree = "<group>"; };
		533A353C26AE9E5800CCEEAE /* YDSTextFieldView.swift */ = {isa = PBXFileReference; lastKnownFileType = sourcecode.swift; path = YDSTextFieldView.swift; sourceTree = "<group>"; };
		533A353E26AEA05E00CCEEAE /* YDSTextField.swift */ = {isa = PBXFileReference; lastKnownFileType = sourcecode.swift; path = YDSTextField.swift; sourceTree = "<group>"; };
		53441AFD26AF1E7E00CB6BC9 /* OptionalImageControllerView.swift */ = {isa = PBXFileReference; lastKnownFileType = sourcecode.swift; path = OptionalImageControllerView.swift; sourceTree = "<group>"; };
		53441AFF26AF233800CB6BC9 /* PickerControllerView.swift */ = {isa = PBXFileReference; lastKnownFileType = sourcecode.swift; name = PickerControllerView.swift; path = "YDS-Storybook/Storybook/ControllerView/Base/PickerControllerView.swift"; sourceTree = SOURCE_ROOT; };
		53441B0126AF248900CB6BC9 /* EnumControllerView.swift */ = {isa = PBXFileReference; lastKnownFileType = sourcecode.swift; path = EnumControllerView.swift; sourceTree = "<group>"; };
		53441B0326AF287600CB6BC9 /* BoolControllerView.swift */ = {isa = PBXFileReference; lastKnownFileType = sourcecode.swift; path = BoolControllerView.swift; sourceTree = "<group>"; };
		53443D8926A5A4770037B02E /* YDSPasswordTextField.swift */ = {isa = PBXFileReference; lastKnownFileType = sourcecode.swift; path = YDSPasswordTextField.swift; sourceTree = "<group>"; };
		53443D8B26A5A4850037B02E /* YDSPasswordTextFieldView.swift */ = {isa = PBXFileReference; lastKnownFileType = sourcecode.swift; path = YDSPasswordTextFieldView.swift; sourceTree = "<group>"; };
		53443D9126A5CD3E0037B02E /* YDSSearchTextField.swift */ = {isa = PBXFileReference; lastKnownFileType = sourcecode.swift; path = YDSSearchTextField.swift; sourceTree = "<group>"; };
		53443D9426A5D5DA0037B02E /* YDSSearchBar.swift */ = {isa = PBXFileReference; lastKnownFileType = sourcecode.swift; path = YDSSearchBar.swift; sourceTree = "<group>"; };
		53443D9D26A7D4BD0037B02E /* YDSBoxButton.swift */ = {isa = PBXFileReference; lastKnownFileType = sourcecode.swift; path = YDSBoxButton.swift; sourceTree = "<group>"; };
		5359111A269DDA31000CFFE7 /* YDSIconView.swift */ = {isa = PBXFileReference; lastKnownFileType = sourcecode.swift; path = YDSIconView.swift; sourceTree = "<group>"; };
		5359A5BC26BEC30300FCCECC /* YDSBottomBarController.swift */ = {isa = PBXFileReference; lastKnownFileType = sourcecode.swift; path = YDSBottomBarController.swift; sourceTree = "<group>"; };
		5359A5C026BEC99700FCCECC /* BottomBarControllerPageViewController.swift */ = {isa = PBXFileReference; lastKnownFileType = sourcecode.swift; path = BottomBarControllerPageViewController.swift; sourceTree = "<group>"; };
		5359A5C226BECF7400FCCECC /* YDSDoubleTitleTopBar.swift */ = {isa = PBXFileReference; lastKnownFileType = sourcecode.swift; path = YDSDoubleTitleTopBar.swift; sourceTree = "<group>"; };
		5359A5C426BED19900FCCECC /* DoubleTitleTopBarPageViewController.swift */ = {isa = PBXFileReference; lastKnownFileType = sourcecode.swift; path = DoubleTitleTopBarPageViewController.swift; sourceTree = "<group>"; };
		5365FD58274A41F400B6FBF9 /* LabelPageViewController.swift */ = {isa = PBXFileReference; lastKnownFileType = sourcecode.swift; path = LabelPageViewController.swift; sourceTree = "<group>"; };
		5365FD5A274A4ED000B6FBF9 /* IntControllerView.swift */ = {isa = PBXFileReference; lastKnownFileType = sourcecode.swift; path = IntControllerView.swift; sourceTree = "<group>"; };
		536FCA4F267CD25300158DFD /* YDSIcon.xcassets */ = {isa = PBXFileReference; lastKnownFileType = folder.assetcatalog; path = YDSIcon.xcassets; sourceTree = "<group>"; };
		5370918126A5463C007CD775 /* YDSSuffixTextField.swift */ = {isa = PBXFileReference; lastKnownFileType = sourcecode.swift; path = YDSSuffixTextField.swift; sourceTree = "<group>"; };
		5370918326A5467D007CD775 /* YDSSuffixTextFieldView.swift */ = {isa = PBXFileReference; lastKnownFileType = sourcecode.swift; path = YDSSuffixTextFieldView.swift; sourceTree = "<group>"; };
		537A0ACD26C4188C00142DCE /* DoubleTitleTopBarSampleViewController.swift */ = {isa = PBXFileReference; lastKnownFileType = sourcecode.swift; path = DoubleTitleTopBarSampleViewController.swift; sourceTree = "<group>"; };
		537A0ACF26C4189700142DCE /* SingleTitleTopBarSampleViewController.swift */ = {isa = PBXFileReference; lastKnownFileType = sourcecode.swift; path = SingleTitleTopBarSampleViewController.swift; sourceTree = "<group>"; };
		537FFAA326C3E5C200270C22 /* TopBarPageViewController.swift */ = {isa = PBXFileReference; lastKnownFileType = sourcecode.swift; path = TopBarPageViewController.swift; sourceTree = "<group>"; };
		537FFAA526C3E6F800270C22 /* TopBarSampleViewController.swift */ = {isa = PBXFileReference; lastKnownFileType = sourcecode.swift; path = TopBarSampleViewController.swift; sourceTree = "<group>"; };
		5386E42026D27B0200B1C44E /* YDSThemeColor.swift */ = {isa = PBXFileReference; lastKnownFileType = sourcecode.swift; path = YDSThemeColor.swift; sourceTree = "<group>"; };
		53887E9B26B54834006E40F6 /* YDSPlainButton.swift */ = {isa = PBXFileReference; lastKnownFileType = sourcecode.swift; path = YDSPlainButton.swift; sourceTree = "<group>"; };
		538ACCAD26EB40380044A437 /* ColorsPageViewController.swift */ = {isa = PBXFileReference; lastKnownFileType = sourcecode.swift; path = ColorsPageViewController.swift; sourceTree = "<group>"; };
		538ACCB126EB409C0044A437 /* ColorsListItemCell.swift */ = {isa = PBXFileReference; lastKnownFileType = sourcecode.swift; path = ColorsListItemCell.swift; sourceTree = "<group>"; };
		538ACCB326EB40A60044A437 /* ColorsListTableViewController.swift */ = {isa = PBXFileReference; lastKnownFileType = sourcecode.swift; path = ColorsListTableViewController.swift; sourceTree = "<group>"; };
		539110B126C048020094FD08 /* YDSSingleTitleTopBar.swift */ = {isa = PBXFileReference; lastKnownFileType = sourcecode.swift; path = YDSSingleTitleTopBar.swift; sourceTree = "<group>"; };
		539110B326C049BD0094FD08 /* SingleTitleTopBarPageViewController.swift */ = {isa = PBXFileReference; lastKnownFileType = sourcecode.swift; path = SingleTitleTopBarPageViewController.swift; sourceTree = "<group>"; };
		539110B526C052670094FD08 /* YDSTopBarButton.swift */ = {isa = PBXFileReference; lastKnownFileType = sourcecode.swift; path = YDSTopBarButton.swift; sourceTree = "<group>"; };
		539110B726C1484A0094FD08 /* YDSNavigationController.swift */ = {isa = PBXFileReference; lastKnownFileType = sourcecode.swift; path = YDSNavigationController.swift; sourceTree = "<group>"; };
		539110BB26C373C90094FD08 /* UINavigationBar+Extension.swift */ = {isa = PBXFileReference; lastKnownFileType = sourcecode.swift; path = "UINavigationBar+Extension.swift"; sourceTree = "<group>"; };
		539110BE26C3743D0094FD08 /* YDSTopBar.swift */ = {isa = PBXFileReference; lastKnownFileType = sourcecode.swift; path = YDSTopBar.swift; sourceTree = "<group>"; };
		5394692D2663D6DB003D7A44 /* YDSConstant.swift */ = {isa = PBXFileReference; lastKnownFileType = sourcecode.swift; path = YDSConstant.swift; sourceTree = "<group>"; };
		539C570727A5C5AC0064A90C /* BottomSheetPageViewController.swift */ = {isa = PBXFileReference; lastKnownFileType = sourcecode.swift; path = BottomSheetPageViewController.swift; sourceTree = "<group>"; };
		53A31B5D266F500300461C29 /* YDSToggle.swift */ = {isa = PBXFileReference; lastKnownFileType = sourcecode.swift; path = YDSToggle.swift; sourceTree = "<group>"; };
		53ADEA2226A1794800153636 /* YDSBundle.swift */ = {isa = PBXFileReference; lastKnownFileType = sourcecode.swift; path = YDSBundle.swift; sourceTree = "<group>"; };
		53C445B026B92BEB00AAC753 /* CheckboxPageViewController.swift */ = {isa = PBXFileReference; lastKnownFileType = sourcecode.swift; path = CheckboxPageViewController.swift; sourceTree = "<group>"; };
		53C9F6F626B54B4000EF7B86 /* PlainButtonPageViewController.swift */ = {isa = PBXFileReference; lastKnownFileType = sourcecode.swift; path = PlainButtonPageViewController.swift; sourceTree = "<group>"; };
		53C9F6F826B5546400EF7B86 /* YDSButtonProtocol.swift */ = {isa = PBXFileReference; lastKnownFileType = sourcecode.swift; path = YDSButtonProtocol.swift; sourceTree = "<group>"; };
		53C9F6FB26B5568600EF7B86 /* YDSIconArray.swift */ = {isa = PBXFileReference; lastKnownFileType = sourcecode.swift; path = YDSIconArray.swift; sourceTree = "<group>"; };
		53C9F6FD26B58BFD00EF7B86 /* YDSBadge.swift */ = {isa = PBXFileReference; lastKnownFileType = sourcecode.swift; path = YDSBadge.swift; sourceTree = "<group>"; };
		53C9F6FF26B58EBB00EF7B86 /* YDSItemColor.swift */ = {isa = PBXFileReference; lastKnownFileType = sourcecode.swift; path = YDSItemColor.swift; sourceTree = "<group>"; };
		53C9F70126B5976700EF7B86 /* BadgePageViewController.swift */ = {isa = PBXFileReference; lastKnownFileType = sourcecode.swift; path = BadgePageViewController.swift; sourceTree = "<group>"; };
		53C9F70326B5BC1A00EF7B86 /* YDSProfileImageView.swift */ = {isa = PBXFileReference; lastKnownFileType = sourcecode.swift; path = YDSProfileImageView.swift; sourceTree = "<group>"; };
		53C9F70526B5BCCE00EF7B86 /* ProfileImageViewPageViewController.swift */ = {isa = PBXFileReference; lastKnownFileType = sourcecode.swift; path = ProfileImageViewPageViewController.swift; sourceTree = "<group>"; };
		53C9F70B26B67CE900EF7B86 /* YDSCheckbox.swift */ = {isa = PBXFileReference; lastKnownFileType = sourcecode.swift; path = YDSCheckbox.swift; sourceTree = "<group>"; };
		53E26E8526F0619E0036648E /* TypographiesPageViewController.swift */ = {isa = PBXFileReference; lastKnownFileType = sourcecode.swift; path = TypographiesPageViewController.swift; sourceTree = "<group>"; };
		53E26E8726F061F80036648E /* TypographiesListTableViewController.swift */ = {isa = PBXFileReference; lastKnownFileType = sourcecode.swift; path = TypographiesListTableViewController.swift; sourceTree = "<group>"; };
		53E26E8926F062180036648E /* TypographiesListItemCell.swift */ = {isa = PBXFileReference; lastKnownFileType = sourcecode.swift; path = TypographiesListItemCell.swift; sourceTree = "<group>"; };
		53E26E8B26F0637A0036648E /* YDSTypographyArray.swift */ = {isa = PBXFileReference; lastKnownFileType = sourcecode.swift; path = YDSTypographyArray.swift; sourceTree = "<group>"; };
		53E2CF3B26D29F62000DE005 /* SimpleTextFieldViewPageViewController.swift */ = {isa = PBXFileReference; lastKnownFileType = sourcecode.swift; path = SimpleTextFieldViewPageViewController.swift; sourceTree = "<group>"; };
		53E2CF3D26D2A1ED000DE005 /* SuffixTextFieldViewPageViewController.swift */ = {isa = PBXFileReference; lastKnownFileType = sourcecode.swift; path = SuffixTextFieldViewPageViewController.swift; sourceTree = "<group>"; };
		53E2CF3F26D2A2B1000DE005 /* PasswordTextFieldViewPageViewController.swift */ = {isa = PBXFileReference; lastKnownFileType = sourcecode.swift; path = PasswordTextFieldViewPageViewController.swift; sourceTree = "<group>"; };
		53E2CF4126D2A3DA000DE005 /* SearchTextFieldPageViewController.swift */ = {isa = PBXFileReference; lastKnownFileType = sourcecode.swift; path = SearchTextFieldPageViewController.swift; sourceTree = "<group>"; };
		53E2CF4326D2A462000DE005 /* SearchBarPageViewController.swift */ = {isa = PBXFileReference; lastKnownFileType = sourcecode.swift; path = SearchBarPageViewController.swift; sourceTree = "<group>"; };
		53EB943826A1E33A00208496 /* YDSDivider.swift */ = {isa = PBXFileReference; lastKnownFileType = sourcecode.swift; path = YDSDivider.swift; sourceTree = "<group>"; };
		53EB9FEF269DC45D00B7D14A /* YDSIcon.swift */ = {isa = PBXFileReference; lastKnownFileType = sourcecode.swift; path = YDSIcon.swift; sourceTree = "<group>"; };
		53EFF5CD26BA9CD400732DCF /* YDSToast.swift */ = {isa = PBXFileReference; lastKnownFileType = sourcecode.swift; path = YDSToast.swift; sourceTree = "<group>"; };
		53EFF5D326BBC26900732DCF /* ToastPageViewController.swift */ = {isa = PBXFileReference; lastKnownFileType = sourcecode.swift; path = ToastPageViewController.swift; sourceTree = "<group>"; };
		C350ABE12808587600BFC9C0 /* TooltipPageViewController.swift */ = {isa = PBXFileReference; lastKnownFileType = sourcecode.swift; path = TooltipPageViewController.swift; sourceTree = "<group>"; };
		C350ABE32808589200BFC9C0 /* TooltipSampleViewController.swift */ = {isa = PBXFileReference; lastKnownFileType = sourcecode.swift; path = TooltipSampleViewController.swift; sourceTree = "<group>"; };
		C350ABE5280858B900BFC9C0 /* YDSTooltip.swift */ = {isa = PBXFileReference; lastKnownFileType = sourcecode.swift; path = YDSTooltip.swift; sourceTree = "<group>"; };
		C37F356C27DE3475007DF859 /* YDSTextView.swift */ = {isa = PBXFileReference; lastKnownFileType = sourcecode.swift; path = YDSTextView.swift; sourceTree = "<group>"; };
		C37F356F27DE34A3007DF859 /* Optional+isEmpty.swift */ = {isa = PBXFileReference; lastKnownFileType = sourcecode.swift; path = "Optional+isEmpty.swift"; sourceTree = "<group>"; };
		C37F357127DE34FE007DF859 /* TextViewViewController.swift */ = {isa = PBXFileReference; lastKnownFileType = sourcecode.swift; path = TextViewViewController.swift; sourceTree = "<group>"; };
		C3985FB527F832EA00389A22 /* SceneDelegate.swift */ = {isa = PBXFileReference; lastKnownFileType = sourcecode.swift; path = SceneDelegate.swift; sourceTree = "<group>"; };
		C3985FB727F839A700389A22 /* UIApplication+findWindow.swift */ = {isa = PBXFileReference; lastKnownFileType = sourcecode.swift; path = "UIApplication+findWindow.swift"; sourceTree = "<group>"; };
		C3A3498527E710F900005034 /* Optional+isEmpty.swift */ = {isa = PBXFileReference; lastKnownFileType = sourcecode.swift; path = "Optional+isEmpty.swift"; sourceTree = "<group>"; };
		C79DF3E9279F3868009763AC /* BottomSheetPageViewController.swift */ = {isa = PBXFileReference; fileEncoding = 4; lastKnownFileType = sourcecode.swift; path = BottomSheetPageViewController.swift; sourceTree = "<group>"; };
		C7F6908827DDCD17002B63C9 /* IconsPageViewController.swift */ = {isa = PBXFileReference; lastKnownFileType = sourcecode.swift; path = IconsPageViewController.swift; sourceTree = "<group>"; };
		C7F6908A27DDCDD3002B63C9 /* IconsListTableViewController.swift */ = {isa = PBXFileReference; lastKnownFileType = sourcecode.swift; path = IconsListTableViewController.swift; sourceTree = "<group>"; };
		C7F6908C27DDDA03002B63C9 /* IconsListItemCell.swift */ = {isa = PBXFileReference; lastKnownFileType = sourcecode.swift; path = IconsListItemCell.swift; sourceTree = "<group>"; };
		DD151FAA2641820200795D7C /* YDS.framework */ = {isa = PBXFileReference; explicitFileType = wrapper.framework; includeInIndex = 0; path = YDS.framework; sourceTree = BUILT_PRODUCTS_DIR; };
		DD151FAD2641820200795D7C /* YDS.h */ = {isa = PBXFileReference; lastKnownFileType = sourcecode.c.h; path = YDS.h; sourceTree = "<group>"; };
		DD151FAE2641820200795D7C /* Info.plist */ = {isa = PBXFileReference; lastKnownFileType = text.plist.xml; path = Info.plist; sourceTree = "<group>"; };
		DD48C1EB26735052004B288E /* YDSBottomSheet.swift */ = {isa = PBXFileReference; lastKnownFileType = sourcecode.swift; path = YDSBottomSheet.swift; sourceTree = "<group>"; };
		DD6C6383264286FB004CFF46 /* YDSFont.swift */ = {isa = PBXFileReference; lastKnownFileType = sourcecode.swift; path = YDSFont.swift; sourceTree = "<group>"; };
		DD6C63D526429C6C004CFF46 /* YDSLabel.swift */ = {isa = PBXFileReference; lastKnownFileType = sourcecode.swift; path = YDSLabel.swift; sourceTree = "<group>"; };
		DD8DF13426786B3300EDD2B4 /* YDSScreenSize.swift */ = {isa = PBXFileReference; lastKnownFileType = sourcecode.swift; path = YDSScreenSize.swift; sourceTree = "<group>"; };
		DD8DF13726786BD100EDD2B4 /* YDSAnimation.swift */ = {isa = PBXFileReference; lastKnownFileType = sourcecode.swift; path = YDSAnimation.swift; sourceTree = "<group>"; };
		DD9F4CAD27EB0623004F6CB5 /* YDSEmojiButton.swift */ = {isa = PBXFileReference; lastKnownFileType = sourcecode.swift; path = YDSEmojiButton.swift; sourceTree = "<group>"; };
		DD9F4CAF27EB0663004F6CB5 /* EmojiButtonPageViewController.swift */ = {isa = PBXFileReference; lastKnownFileType = sourcecode.swift; path = EmojiButtonPageViewController.swift; sourceTree = "<group>"; };
		DDDC3C79265E7072007ED3FE /* YDSBasicColor.swift */ = {isa = PBXFileReference; lastKnownFileType = sourcecode.swift; path = YDSBasicColor.swift; sourceTree = "<group>"; };
		DDDC3C81265E8276007ED3FE /* YDSSemanticColor.swift */ = {isa = PBXFileReference; lastKnownFileType = sourcecode.swift; path = YDSSemanticColor.swift; sourceTree = "<group>"; };
		DDFBCFFC26739A6900C5F409 /* YDS-Storybook.app */ = {isa = PBXFileReference; explicitFileType = wrapper.application; includeInIndex = 0; path = "YDS-Storybook.app"; sourceTree = BUILT_PRODUCTS_DIR; };
		DDFBCFFE26739A6900C5F409 /* AppDelegate.swift */ = {isa = PBXFileReference; lastKnownFileType = sourcecode.swift; path = AppDelegate.swift; sourceTree = "<group>"; };
		DDFBD00526739A6900C5F409 /* Base */ = {isa = PBXFileReference; lastKnownFileType = file.storyboard; name = Base; path = Base.lproj/Main.storyboard; sourceTree = "<group>"; };
		DDFBD00726739A6B00C5F409 /* Assets.xcassets */ = {isa = PBXFileReference; lastKnownFileType = folder.assetcatalog; path = Assets.xcassets; sourceTree = "<group>"; };
		DDFBD00A26739A6B00C5F409 /* Base */ = {isa = PBXFileReference; lastKnownFileType = file.storyboard; name = Base; path = Base.lproj/LaunchScreen.storyboard; sourceTree = "<group>"; };
		DDFBD00C26739A6B00C5F409 /* Info.plist */ = {isa = PBXFileReference; lastKnownFileType = text.plist.xml; path = Info.plist; sourceTree = "<group>"; };
		DDFBD02526739C3600C5F409 /* SnapKit.framework */ = {isa = PBXFileReference; explicitFileType = wrapper.framework; path = SnapKit.framework; sourceTree = BUILT_PRODUCTS_DIR; };
		DDFBD02926739C3C00C5F409 /* PanModal.framework */ = {isa = PBXFileReference; explicitFileType = wrapper.framework; path = PanModal.framework; sourceTree = BUILT_PRODUCTS_DIR; };
/* End PBXFileReference section */

/* Begin PBXFrameworksBuildPhase section */
		DD151FA72641820200795D7C /* Frameworks */ = {
			isa = PBXFrameworksBuildPhase;
			buildActionMask = 2147483647;
			files = (
				530F6DBB26D2141500856758 /* PanModal in Frameworks */,
				530F6DBE26D2142100856758 /* SnapKit in Frameworks */,
			);
			runOnlyForDeploymentPostprocessing = 0;
		};
		DDFBCFF926739A6900C5F409 /* Frameworks */ = {
			isa = PBXFrameworksBuildPhase;
			buildActionMask = 2147483647;
			files = (
				5337938826AF08E000BE5860 /* RxSwift in Frameworks */,
				5383752726D27D45002E96AC /* YDS.framework in Frameworks */,
				5337938A26AF08E000BE5860 /* RxCocoa in Frameworks */,
			);
			runOnlyForDeploymentPostprocessing = 0;
		};
/* End PBXFrameworksBuildPhase section */

/* Begin PBXGroup section */
		253AF81C549745374AD2F563 /* Frameworks */ = {
			isa = PBXGroup;
			children = (
				DDFBD02926739C3C00C5F409 /* PanModal.framework */,
				DDFBD02526739C3600C5F409 /* SnapKit.framework */,
			);
			name = Frameworks;
			sourceTree = "<group>";
		};
		4999C890266CC38800CD5248 /* Source */ = {
			isa = PBXGroup;
			children = (
				C37F356E27DE348C007DF859 /* Extension */,
				53ADEA2226A1794800153636 /* YDSBundle.swift */,
				5394692C2663D6C7003D7A44 /* Rule */,
				DD6C63E32642A602004CFF46 /* Foundation */,
				DD6C63D426429C5B004CFF46 /* Atom */,
				53EFF5CC26BA9A7B00732DCF /* Component */,
			);
			path = Source;
			sourceTree = "<group>";
		};
		532DBFD326EC7330008C2354 /* Extension */ = {
			isa = PBXGroup;
			children = (
				532DBFD126EC7323008C2354 /* UITableView+Generic.swift */,
				C3A3498527E710F900005034 /* Optional+isEmpty.swift */,
				532DBFD426EC734F008C2354 /* UIView+AddSubviews.swift */,
				532DBFD626EC736C008C2354 /* UIStackView+AddArrangedSubviews.swift */,
				532DBFD826EC7863008C2354 /* UIViewController+Embed.swift */,
			);
			path = Extension;
			sourceTree = "<group>";
		};
		532DBFDC26ED0CD5008C2354 /* Resources */ = {
			isa = PBXGroup;
			children = (
				53C9F6FB26B5568600EF7B86 /* YDSIconArray.swift */,
				532DBFDA26ED0508008C2354 /* YDSColorArray.swift */,
				53E26E8B26F0637A0036648E /* YDSTypographyArray.swift */,
			);
			path = Resources;
			sourceTree = "<group>";
		};
		532DBFDD26ED0CEE008C2354 /* Color */ = {
			isa = PBXGroup;
			children = (
				538ACCAD26EB40380044A437 /* ColorsPageViewController.swift */,
				538ACCB326EB40A60044A437 /* ColorsListTableViewController.swift */,
				538ACCB126EB409C0044A437 /* ColorsListItemCell.swift */,
			);
			path = Color;
			sourceTree = "<group>";
		};
		533A27B526A52EC0009FD90A /* storyboard */ = {
			isa = PBXGroup;
			children = (
				DDFBD00426739A6900C5F409 /* Main.storyboard */,
				DDFBD00926739A6B00C5F409 /* LaunchScreen.storyboard */,
			);
			path = storyboard;
			sourceTree = "<group>";
		};
		53441AF926AF0ECC00CB6BC9 /* Storybook */ = {
			isa = PBXGroup;
			children = (
				5337938B26AF096A00BE5860 /* StorybookPageViewController.swift */,
				53441B0526AF2AD100CB6BC9 /* ControllerView */,
			);
			path = Storybook;
			sourceTree = "<group>";
		};
		53441B0526AF2AD100CB6BC9 /* ControllerView */ = {
			isa = PBXGroup;
			children = (
				53441B0626AF2B4800CB6BC9 /* Base */,
				53441B0326AF287600CB6BC9 /* BoolControllerView.swift */,
				53441B0126AF248900CB6BC9 /* EnumControllerView.swift */,
				5365FD5A274A4ED000B6FBF9 /* IntControllerView.swift */,
				5337938F26AF0A0600BE5860 /* OptionalStringControllerView.swift */,
				53441AFD26AF1E7E00CB6BC9 /* OptionalImageControllerView.swift */,
			);
			path = ControllerView;
			sourceTree = "<group>";
		};
		53441B0626AF2B4800CB6BC9 /* Base */ = {
			isa = PBXGroup;
			children = (
				5337938D26AF09BF00BE5860 /* ControllerView.swift */,
				53441AFF26AF233800CB6BC9 /* PickerControllerView.swift */,
			);
			path = Base;
			sourceTree = "<group>";
		};
		53443D9826A7D3050037B02E /* YDSSimpleTextField */ = {
			isa = PBXGroup;
			children = (
				533A279F26A48691009FD90A /* YDSSimpleTextFieldView.swift */,
				533A279C26A48683009FD90A /* YDSSimpleTextField.swift */,
			);
			path = YDSSimpleTextField;
			sourceTree = "<group>";
		};
		53443D9926A7D3130037B02E /* YDSSuffixTextField */ = {
			isa = PBXGroup;
			children = (
				5370918326A5467D007CD775 /* YDSSuffixTextFieldView.swift */,
				5370918126A5463C007CD775 /* YDSSuffixTextField.swift */,
			);
			path = YDSSuffixTextField;
			sourceTree = "<group>";
		};
		53443D9A26A7D31D0037B02E /* YDSPasswordTextField */ = {
			isa = PBXGroup;
			children = (
				53443D8B26A5A4850037B02E /* YDSPasswordTextFieldView.swift */,
				53443D8926A5A4770037B02E /* YDSPasswordTextField.swift */,
			);
			path = YDSPasswordTextField;
			sourceTree = "<group>";
		};
		53443D9B26A7D32B0037B02E /* YDSTextField */ = {
			isa = PBXGroup;
			children = (
				533A353E26AEA05E00CCEEAE /* YDSTextField.swift */,
				53443D9826A7D3050037B02E /* YDSSimpleTextField */,
				53443D9926A7D3130037B02E /* YDSSuffixTextField */,
				53443D9A26A7D31D0037B02E /* YDSPasswordTextField */,
				53443D9126A5CD3E0037B02E /* YDSSearchTextField.swift */,
				533A353C26AE9E5800CCEEAE /* YDSTextFieldView.swift */,
			);
			path = YDSTextField;
			sourceTree = "<group>";
		};
		53443D9C26A7D3CC0037B02E /* AtomSampleViewController */ = {
			isa = PBXGroup;
			children = (
				5365FD58274A41F400B6FBF9 /* LabelPageViewController.swift */,
				53C445B026B92BEB00AAC753 /* CheckboxPageViewController.swift */,
				53C9F70526B5BCCE00EF7B86 /* ProfileImageViewPageViewController.swift */,
				5337939126AF0A7300BE5860 /* BoxButtonPageViewController.swift */,
				53C9F6F626B54B4000EF7B86 /* PlainButtonPageViewController.swift */,
				53C9F70126B5976700EF7B86 /* BadgePageViewController.swift */,
				53E2CF3B26D29F62000DE005 /* SimpleTextFieldViewPageViewController.swift */,
				53E2CF3D26D2A1ED000DE005 /* SuffixTextFieldViewPageViewController.swift */,
				53E2CF3F26D2A2B1000DE005 /* PasswordTextFieldViewPageViewController.swift */,
				53E2CF4126D2A3DA000DE005 /* SearchTextFieldPageViewController.swift */,
				53E2CF4326D2A462000DE005 /* SearchBarPageViewController.swift */,
				C79DF3E9279F3868009763AC /* BottomSheetPageViewController.swift */,
				539C570727A5C5AC0064A90C /* BottomSheetPageViewController.swift */,
				C37F357127DE34FE007DF859 /* TextViewViewController.swift */,
				DD9F4CAF27EB0663004F6CB5 /* EmojiButtonPageViewController.swift */,
			);
			path = AtomSampleViewController;
			sourceTree = "<group>";
		};
		537A0AD126C4189D00142DCE /* TopBar */ = {
			isa = PBXGroup;
			children = (
				537FFAA326C3E5C200270C22 /* TopBarPageViewController.swift */,
				537FFAA526C3E6F800270C22 /* TopBarSampleViewController.swift */,
				539110B326C049BD0094FD08 /* SingleTitleTopBarPageViewController.swift */,
				537A0ACF26C4189700142DCE /* SingleTitleTopBarSampleViewController.swift */,
				5359A5C426BED19900FCCECC /* DoubleTitleTopBarPageViewController.swift */,
				537A0ACD26C4188C00142DCE /* DoubleTitleTopBarSampleViewController.swift */,
			);
			path = TopBar;
			sourceTree = "<group>";
		};
		538ACCAA26EB40000044A437 /* FoundationSampleViewController */ = {
			isa = PBXGroup;
			children = (
				532DBFDD26ED0CEE008C2354 /* Color */,
				53E26E8426F061720036648E /* Typography */,
				C7F6908727DDCD04002B63C9 /* Icon */,
			);
			path = FoundationSampleViewController;
			sourceTree = "<group>";
		};
		539110BD26C373D20094FD08 /* TopBar */ = {
			isa = PBXGroup;
			children = (
				539110B726C1484A0094FD08 /* YDSNavigationController.swift */,
				539110BE26C3743D0094FD08 /* YDSTopBar.swift */,
				539110B126C048020094FD08 /* YDSSingleTitleTopBar.swift */,
				5359A5C226BECF7400FCCECC /* YDSDoubleTitleTopBar.swift */,
				539110B526C052670094FD08 /* YDSTopBarButton.swift */,
				539110BB26C373C90094FD08 /* UINavigationBar+Extension.swift */,
			);
			path = TopBar;
			sourceTree = "<group>";
		};
		5394692C2663D6C7003D7A44 /* Rule */ = {
			isa = PBXGroup;
			children = (
				5394692D2663D6DB003D7A44 /* YDSConstant.swift */,
				DD8DF13426786B3300EDD2B4 /* YDSScreenSize.swift */,
				DD8DF13726786BD100EDD2B4 /* YDSAnimation.swift */,
			);
			path = Rule;
			sourceTree = "<group>";
		};
		53C9F6FA26B5563C00EF7B86 /* YDSButton */ = {
			isa = PBXGroup;
			children = (
				53443D9D26A7D4BD0037B02E /* YDSBoxButton.swift */,
				53887E9B26B54834006E40F6 /* YDSPlainButton.swift */,
				53C9F6F826B5546400EF7B86 /* YDSButtonProtocol.swift */,
			);
			path = YDSButton;
			sourceTree = "<group>";
		};
		53E26E8426F061720036648E /* Typography */ = {
			isa = PBXGroup;
			children = (
				53E26E8526F0619E0036648E /* TypographiesPageViewController.swift */,
				53E26E8726F061F80036648E /* TypographiesListTableViewController.swift */,
				53E26E8926F062180036648E /* TypographiesListItemCell.swift */,
			);
			path = Typography;
			sourceTree = "<group>";
		};
		53EFF5CC26BA9A7B00732DCF /* Component */ = {
			isa = PBXGroup;
			children = (
				53EFF5CD26BA9CD400732DCF /* YDSToast.swift */,
				5359A5BC26BEC30300FCCECC /* YDSBottomBarController.swift */,
				539110BD26C373D20094FD08 /* TopBar */,
				C350ABE5280858B900BFC9C0 /* YDSTooltip.swift */,
			);
			path = Component;
			sourceTree = "<group>";
		};
		53EFF5D026BBC22F00732DCF /* ComponentSampleViewController */ = {
			isa = PBXGroup;
			children = (
				53EFF5D326BBC26900732DCF /* ToastPageViewController.swift */,
				5359A5C026BEC99700FCCECC /* BottomBarControllerPageViewController.swift */,
				537A0AD126C4189D00142DCE /* TopBar */,
				C350ABE02808585500BFC9C0 /* Tooltip */,
			);
			path = ComponentSampleViewController;
			sourceTree = "<group>";
		};
		C350ABE02808585500BFC9C0 /* Tooltip */ = {
			isa = PBXGroup;
			children = (
				C350ABE12808587600BFC9C0 /* TooltipPageViewController.swift */,
				C350ABE32808589200BFC9C0 /* TooltipSampleViewController.swift */,
			);
			path = Tooltip;
			sourceTree = "<group>";
		};
		C37F356E27DE348C007DF859 /* Extension */ = {
			isa = PBXGroup;
			children = (
				C37F356F27DE34A3007DF859 /* Optional+isEmpty.swift */,
				C3985FB727F839A700389A22 /* UIApplication+findWindow.swift */,
			);
			path = Extension;
			sourceTree = "<group>";
		};
		C7F6908727DDCD04002B63C9 /* Icon */ = {
			isa = PBXGroup;
			children = (
				C7F6908827DDCD17002B63C9 /* IconsPageViewController.swift */,
				C7F6908A27DDCDD3002B63C9 /* IconsListTableViewController.swift */,
				C7F6908C27DDDA03002B63C9 /* IconsListItemCell.swift */,
			);
			path = Icon;
			sourceTree = "<group>";
		};
		DD151FA02641820200795D7C = {
			isa = PBXGroup;
			children = (
				DD151FAC2641820200795D7C /* YDS */,
				DDFBCFFD26739A6900C5F409 /* YDS-Storybook */,
				DD151FAB2641820200795D7C /* Products */,
				253AF81C549745374AD2F563 /* Frameworks */,
			);
			sourceTree = "<group>";
		};
		DD151FAB2641820200795D7C /* Products */ = {
			isa = PBXGroup;
			children = (
				DD151FAA2641820200795D7C /* YDS.framework */,
				DDFBCFFC26739A6900C5F409 /* YDS-Storybook.app */,
			);
			name = Products;
			sourceTree = "<group>";
		};
		DD151FAC2641820200795D7C /* YDS */ = {
			isa = PBXGroup;
			children = (
				4999C890266CC38800CD5248 /* Source */,
				DD151FAD2641820200795D7C /* YDS.h */,
				DD151FAE2641820200795D7C /* Info.plist */,
			);
			path = YDS;
			sourceTree = "<group>";
		};
		DD6C63D426429C5B004CFF46 /* Atom */ = {
			isa = PBXGroup;
			children = (
				DD6C63D526429C6C004CFF46 /* YDSLabel.swift */,
				53A31B5D266F500300461C29 /* YDSToggle.swift */,
				DD48C1EB26735052004B288E /* YDSBottomSheet.swift */,
				53EB943826A1E33A00208496 /* YDSDivider.swift */,
				5359111A269DDA31000CFFE7 /* YDSIconView.swift */,
				53C9F70B26B67CE900EF7B86 /* YDSCheckbox.swift */,
				53C9F70326B5BC1A00EF7B86 /* YDSProfileImageView.swift */,
				53C9F6FA26B5563C00EF7B86 /* YDSButton */,
				53443D9B26A7D32B0037B02E /* YDSTextField */,
				53443D9426A5D5DA0037B02E /* YDSSearchBar.swift */,
				53C9F6FD26B58BFD00EF7B86 /* YDSBadge.swift */,
				C37F356C27DE3475007DF859 /* YDSTextView.swift */,
				DD9F4CAD27EB0623004F6CB5 /* YDSEmojiButton.swift */,
			);
			path = Atom;
			sourceTree = "<group>";
		};
		DD6C63E32642A602004CFF46 /* Foundation */ = {
			isa = PBXGroup;
			children = (
				DD6C6383264286FB004CFF46 /* YDSFont.swift */,
				533A278926A42E72009FD90A /* YDSTypoStyle.swift */,
				DDDC3C79265E7072007ED3FE /* YDSBasicColor.swift */,
				DDDC3C81265E8276007ED3FE /* YDSSemanticColor.swift */,
				5386E42026D27B0200B1C44E /* YDSThemeColor.swift */,
				53C9F6FF26B58EBB00EF7B86 /* YDSItemColor.swift */,
				53EB9FEF269DC45D00B7D14A /* YDSIcon.swift */,
				536FCA4F267CD25300158DFD /* YDSIcon.xcassets */,
			);
			path = Foundation;
			sourceTree = "<group>";
		};
		DDFBCFFD26739A6900C5F409 /* YDS-Storybook */ = {
			isa = PBXGroup;
			children = (
				DDFBD00726739A6B00C5F409 /* Assets.xcassets */,
				532DBFDC26ED0CD5008C2354 /* Resources */,
				533A27B526A52EC0009FD90A /* storyboard */,
				DDFBCFFE26739A6900C5F409 /* AppDelegate.swift */,
				C3985FB527F832EA00389A22 /* SceneDelegate.swift */,
				DDFBD00C26739A6B00C5F409 /* Info.plist */,
				533A27B226A52E56009FD90A /* PageListViewController.swift */,
				533A27B826A5351E009FD90A /* PageListTableViewCell.swift */,
				538ACCAA26EB40000044A437 /* FoundationSampleViewController */,
				53443D9C26A7D3CC0037B02E /* AtomSampleViewController */,
				53EFF5D026BBC22F00732DCF /* ComponentSampleViewController */,
				532DBFD326EC7330008C2354 /* Extension */,
				53441AF926AF0ECC00CB6BC9 /* Storybook */,
			);
			path = "YDS-Storybook";
			sourceTree = "<group>";
		};
/* End PBXGroup section */

/* Begin PBXHeadersBuildPhase section */
		DD151FA52641820200795D7C /* Headers */ = {
			isa = PBXHeadersBuildPhase;
			buildActionMask = 2147483647;
			files = (
				DD151FAF2641820200795D7C /* YDS.h in Headers */,
			);
			runOnlyForDeploymentPostprocessing = 0;
		};
/* End PBXHeadersBuildPhase section */

/* Begin PBXNativeTarget section */
		DD151FA92641820200795D7C /* YDS */ = {
			isa = PBXNativeTarget;
			buildConfigurationList = DD151FB22641820200795D7C /* Build configuration list for PBXNativeTarget "YDS" */;
			buildPhases = (
				DD151FA52641820200795D7C /* Headers */,
				DD151FA62641820200795D7C /* Sources */,
				DD151FA72641820200795D7C /* Frameworks */,
				DD151FA82641820200795D7C /* Resources */,
			);
			buildRules = (
			);
			dependencies = (
			);
			name = YDS;
			packageProductDependencies = (
				530F6DBA26D2141500856758 /* PanModal */,
				530F6DBD26D2142100856758 /* SnapKit */,
			);
			productName = "YDS-iOS";
			productReference = DD151FAA2641820200795D7C /* YDS.framework */;
			productType = "com.apple.product-type.framework";
		};
		DDFBCFFB26739A6900C5F409 /* YDS-Storybook */ = {
			isa = PBXNativeTarget;
			buildConfigurationList = DDFBD00F26739A6B00C5F409 /* Build configuration list for PBXNativeTarget "YDS-Storybook" */;
			buildPhases = (
				DDFBCFF826739A6900C5F409 /* Sources */,
				DDFBCFF926739A6900C5F409 /* Frameworks */,
				DDFBCFFA26739A6900C5F409 /* Resources */,
				5383752B26D27D45002E96AC /* Embed Frameworks */,
			);
			buildRules = (
			);
			dependencies = (
				5383752626D27D32002E96AC /* PBXTargetDependency */,
			);
			name = "YDS-Storybook";
			packageProductDependencies = (
				5337938726AF08E000BE5860 /* RxSwift */,
				5337938926AF08E000BE5860 /* RxCocoa */,
			);
			productName = "YDS-Sample";
			productReference = DDFBCFFC26739A6900C5F409 /* YDS-Storybook.app */;
			productType = "com.apple.product-type.application";
		};
/* End PBXNativeTarget section */

/* Begin PBXProject section */
		DD151FA12641820200795D7C /* Project object */ = {
			isa = PBXProject;
			attributes = {
				LastSwiftUpdateCheck = 1240;
				LastUpgradeCheck = 1240;
				TargetAttributes = {
					DD151FA92641820200795D7C = {
						CreatedOnToolsVersion = 12.4;
						LastSwiftMigration = 1240;
					};
					DDFBCFFB26739A6900C5F409 = {
						CreatedOnToolsVersion = 12.4;
					};
				};
			};
			buildConfigurationList = DD151FA42641820200795D7C /* Build configuration list for PBXProject "YDS" */;
			compatibilityVersion = "Xcode 9.3";
			developmentRegion = en;
			hasScannedForEncodings = 0;
			knownRegions = (
				en,
				Base,
			);
			mainGroup = DD151FA02641820200795D7C;
			packageReferences = (
				5337938626AF08E000BE5860 /* XCRemoteSwiftPackageReference "RxSwift" */,
				530F6DB926D2141500856758 /* XCRemoteSwiftPackageReference "PanModal" */,
				530F6DBC26D2142100856758 /* XCRemoteSwiftPackageReference "SnapKit" */,
			);
			productRefGroup = DD151FAB2641820200795D7C /* Products */;
			projectDirPath = "";
			projectRoot = "";
			targets = (
				DD151FA92641820200795D7C /* YDS */,
				DDFBCFFB26739A6900C5F409 /* YDS-Storybook */,
			);
		};
/* End PBXProject section */

/* Begin PBXResourcesBuildPhase section */
		DD151FA82641820200795D7C /* Resources */ = {
			isa = PBXResourcesBuildPhase;
			buildActionMask = 2147483647;
			files = (
				536FCA50267CD25300158DFD /* YDSIcon.xcassets in Resources */,
			);
			runOnlyForDeploymentPostprocessing = 0;
		};
		DDFBCFFA26739A6900C5F409 /* Resources */ = {
			isa = PBXResourcesBuildPhase;
			buildActionMask = 2147483647;
			files = (
				DDFBD00B26739A6B00C5F409 /* LaunchScreen.storyboard in Resources */,
				DDFBD00826739A6B00C5F409 /* Assets.xcassets in Resources */,
				DDFBD00626739A6900C5F409 /* Main.storyboard in Resources */,
			);
			runOnlyForDeploymentPostprocessing = 0;
		};
/* End PBXResourcesBuildPhase section */

/* Begin PBXSourcesBuildPhase section */
		DD151FA62641820200795D7C /* Sources */ = {
			isa = PBXSourcesBuildPhase;
			buildActionMask = 2147483647;
			files = (
				537A0AD326C51DB000142DCE /* YDSButtonProtocol.swift in Sources */,
				C350ABE6280858B900BFC9C0 /* YDSTooltip.swift in Sources */,
				C37F357027DE34A3007DF859 /* Optional+isEmpty.swift in Sources */,
				53FE9B6D26C524C400107148 /* YDSButtonProtocol.swift in Sources */,
				539110B826C1484A0094FD08 /* YDSNavigationController.swift in Sources */,
				53C9F6FE26B58BFD00EF7B86 /* YDSBadge.swift in Sources */,
				53441AFC26AF14CC00CB6BC9 /* YDSToggle.swift in Sources */,
				53441AFB26AF14C500CB6BC9 /* YDSFont.swift in Sources */,
				53441AFA26AF14B500CB6BC9 /* YDSTypoStyle.swift in Sources */,
				53C9F70426B5BC1A00EF7B86 /* YDSProfileImageView.swift in Sources */,
				53C9F6F926B5546500EF7B86 /* YDSButtonProtocol.swift in Sources */,
				53EFF5CE26BA9CD400732DCF /* YDSToast.swift in Sources */,
				5370918226A5463C007CD775 /* YDSSuffixTextField.swift in Sources */,
				DDDC3C7A265E7072007ED3FE /* YDSBasicColor.swift in Sources */,
				DDDC3C82265E8276007ED3FE /* YDSSemanticColor.swift in Sources */,
				DD48C1EC26735052004B288E /* YDSBottomSheet.swift in Sources */,
				5394692E2663D6DB003D7A44 /* YDSConstant.swift in Sources */,
				53443D8A26A5A4770037B02E /* YDSPasswordTextField.swift in Sources */,
				53EB943926A1E33A00208496 /* YDSDivider.swift in Sources */,
				53C9F70C26B67CE900EF7B86 /* YDSCheckbox.swift in Sources */,
				5386E42126D27B0200B1C44E /* YDSThemeColor.swift in Sources */,
				5359111B269DDA31000CFFE7 /* YDSIconView.swift in Sources */,
				533A27A026A48691009FD90A /* YDSSimpleTextFieldView.swift in Sources */,
				53ADEA2326A1794800153636 /* YDSBundle.swift in Sources */,
				5359A5BD26BEC30300FCCECC /* YDSBottomBarController.swift in Sources */,
				53C9F70026B58EBB00EF7B86 /* YDSItemColor.swift in Sources */,
				C3985FB827F839A700389A22 /* UIApplication+findWindow.swift in Sources */,
				53443D9E26A7D4BD0037B02E /* YDSBoxButton.swift in Sources */,
				539110B626C052670094FD08 /* YDSTopBarButton.swift in Sources */,
				5370918426A5467D007CD775 /* YDSSuffixTextFieldView.swift in Sources */,
				533A279D26A48683009FD90A /* YDSSimpleTextField.swift in Sources */,
				533A353D26AE9E5800CCEEAE /* YDSTextFieldView.swift in Sources */,
				53443D9526A5D5DA0037B02E /* YDSSearchBar.swift in Sources */,
				DD9F4CAE27EB0623004F6CB5 /* YDSEmojiButton.swift in Sources */,
				539110B226C048020094FD08 /* YDSSingleTitleTopBar.swift in Sources */,
				53443D9226A5CD3E0037B02E /* YDSSearchTextField.swift in Sources */,
				53EB9FF0269DC45D00B7D14A /* YDSIcon.swift in Sources */,
				DD8DF13526786B3300EDD2B4 /* YDSScreenSize.swift in Sources */,
				53443D8C26A5A4850037B02E /* YDSPasswordTextFieldView.swift in Sources */,
				539110BF26C3743D0094FD08 /* YDSTopBar.swift in Sources */,
				C37F356D27DE3475007DF859 /* YDSTextView.swift in Sources */,
				DD8DF13826786BD100EDD2B4 /* YDSAnimation.swift in Sources */,
				533A353F26AEA05F00CCEEAE /* YDSTextField.swift in Sources */,
				5359A5C326BECF7400FCCECC /* YDSDoubleTitleTopBar.swift in Sources */,
				539110BC26C373C90094FD08 /* UINavigationBar+Extension.swift in Sources */,
				DD6C63D626429C6C004CFF46 /* YDSLabel.swift in Sources */,
				53887E9C26B54834006E40F6 /* YDSPlainButton.swift in Sources */,
			);
			runOnlyForDeploymentPostprocessing = 0;
		};
		DDFBCFF826739A6900C5F409 /* Sources */ = {
			isa = PBXSourcesBuildPhase;
			buildActionMask = 2147483647;
			files = (
				C79DF3EA279F3868009763AC /* BottomSheetPageViewController.swift in Sources */,
				53441B0226AF248900CB6BC9 /* EnumControllerView.swift in Sources */,
				DD9F4CB027EB0663004F6CB5 /* EmojiButtonPageViewController.swift in Sources */,
				5337939226AF0A7300BE5860 /* BoxButtonPageViewController.swift in Sources */,
				5359A5C126BEC99700FCCECC /* BottomBarControllerPageViewController.swift in Sources */,
				532DBFD726EC736C008C2354 /* UIStackView+AddArrangedSubviews.swift in Sources */,
				538ACCAE26EB40380044A437 /* ColorsPageViewController.swift in Sources */,
				537FFAA426C3E5C200270C22 /* TopBarPageViewController.swift in Sources */,
				53E26E8826F061F80036648E /* TypographiesListTableViewController.swift in Sources */,
				53E2CF3C26D29F62000DE005 /* SimpleTextFieldViewPageViewController.swift in Sources */,
				5365FD5B274A4ED000B6FBF9 /* IntControllerView.swift in Sources */,
				C7F6908D27DDDA03002B63C9 /* IconsListItemCell.swift in Sources */,
				538ACCB226EB409C0044A437 /* ColorsListItemCell.swift in Sources */,
				53E2CF4426D2A462000DE005 /* SearchBarPageViewController.swift in Sources */,
				C7F6908B27DDCDD3002B63C9 /* IconsListTableViewController.swift in Sources */,
				53C9F6FC26B5568600EF7B86 /* YDSIconArray.swift in Sources */,
				53C9F6F726B54B4000EF7B86 /* PlainButtonPageViewController.swift in Sources */,
				53C9F70226B5976700EF7B86 /* BadgePageViewController.swift in Sources */,
				532DBFDB26ED0508008C2354 /* YDSColorArray.swift in Sources */,
				53C445B126B92BEB00AAC753 /* CheckboxPageViewController.swift in Sources */,
				53C9F6F726B54B4000EF7B86 /* PlainButtonPageViewController.swift in Sources */,
				DDFBCFFF26739A6900C5F409 /* AppDelegate.swift in Sources */,
				53441AFE26AF1E7E00CB6BC9 /* OptionalImageControllerView.swift in Sources */,
				C350ABE22808587600BFC9C0 /* TooltipPageViewController.swift in Sources */,
				C7F6908927DDCD17002B63C9 /* IconsPageViewController.swift in Sources */,
				532DBFD526EC734F008C2354 /* UIView+AddSubviews.swift in Sources */,
				537A0ACE26C4188C00142DCE /* DoubleTitleTopBarSampleViewController.swift in Sources */,
				537FFAA626C3E6F800270C22 /* TopBarSampleViewController.swift in Sources */,
				C350ABE42808589200BFC9C0 /* TooltipSampleViewController.swift in Sources */,
				53E26E8626F0619E0036648E /* TypographiesPageViewController.swift in Sources */,
				C3985FB627F832EA00389A22 /* SceneDelegate.swift in Sources */,
				C3A3498627E710F900005034 /* Optional+isEmpty.swift in Sources */,
				537A0AD026C4189700142DCE /* SingleTitleTopBarSampleViewController.swift in Sources */,
				53E26E8A26F062180036648E /* TypographiesListItemCell.swift in Sources */,
				53EFF5D426BBC26900732DCF /* ToastPageViewController.swift in Sources */,
				533A27B926A5351E009FD90A /* PageListTableViewCell.swift in Sources */,
				539110B426C049BD0094FD08 /* SingleTitleTopBarPageViewController.swift in Sources */,
				5337939026AF0A0600BE5860 /* OptionalStringControllerView.swift in Sources */,
				5337938E26AF09BF00BE5860 /* ControllerView.swift in Sources */,
				C37F357227DE34FE007DF859 /* TextViewViewController.swift in Sources */,
				53E2CF4026D2A2B1000DE005 /* PasswordTextFieldViewPageViewController.swift in Sources */,
				53E2CF4226D2A3DA000DE005 /* SearchTextFieldPageViewController.swift in Sources */,
				53C9F70626B5BCCE00EF7B86 /* ProfileImageViewPageViewController.swift in Sources */,
				532DBFD926EC7863008C2354 /* UIViewController+Embed.swift in Sources */,
				533A27B326A52E56009FD90A /* PageListViewController.swift in Sources */,
				532DBFD226EC7323008C2354 /* UITableView+Generic.swift in Sources */,
				5359A5C526BED19900FCCECC /* DoubleTitleTopBarPageViewController.swift in Sources */,
				538ACCB426EB40A60044A437 /* ColorsListTableViewController.swift in Sources */,
				539C570827A5C5AC0064A90C /* BottomSheetPageViewController.swift in Sources */,
				53441B0426AF287600CB6BC9 /* BoolControllerView.swift in Sources */,
				53E2CF3E26D2A1ED000DE005 /* SuffixTextFieldViewPageViewController.swift in Sources */,
				53441B0026AF233800CB6BC9 /* PickerControllerView.swift in Sources */,
				5337938C26AF096A00BE5860 /* StorybookPageViewController.swift in Sources */,
				5365FD59274A41F400B6FBF9 /* LabelPageViewController.swift in Sources */,
				53E26E8C26F0637A0036648E /* YDSTypographyArray.swift in Sources */,
			);
			runOnlyForDeploymentPostprocessing = 0;
		};
/* End PBXSourcesBuildPhase section */

/* Begin PBXTargetDependency section */
		5383752626D27D32002E96AC /* PBXTargetDependency */ = {
			isa = PBXTargetDependency;
			target = DD151FA92641820200795D7C /* YDS */;
			targetProxy = 5383752526D27D32002E96AC /* PBXContainerItemProxy */;
		};
/* End PBXTargetDependency section */

/* Begin PBXVariantGroup section */
		DDFBD00426739A6900C5F409 /* Main.storyboard */ = {
			isa = PBXVariantGroup;
			children = (
				DDFBD00526739A6900C5F409 /* Base */,
			);
			name = Main.storyboard;
			sourceTree = "<group>";
		};
		DDFBD00926739A6B00C5F409 /* LaunchScreen.storyboard */ = {
			isa = PBXVariantGroup;
			children = (
				DDFBD00A26739A6B00C5F409 /* Base */,
			);
			name = LaunchScreen.storyboard;
			sourceTree = "<group>";
		};
/* End PBXVariantGroup section */

/* Begin XCBuildConfiguration section */
		53A5AB5326E1DC3B008E81AB /* Automation */ = {
			isa = XCBuildConfiguration;
			buildSettings = {
				ALWAYS_SEARCH_USER_PATHS = NO;
				CLANG_ANALYZER_NONNULL = YES;
				CLANG_ANALYZER_NUMBER_OBJECT_CONVERSION = YES_AGGRESSIVE;
				CLANG_CXX_LANGUAGE_STANDARD = "gnu++14";
				CLANG_CXX_LIBRARY = "libc++";
				CLANG_ENABLE_MODULES = YES;
				CLANG_ENABLE_OBJC_ARC = YES;
				CLANG_ENABLE_OBJC_WEAK = YES;
				CLANG_WARN_BLOCK_CAPTURE_AUTORELEASING = YES;
				CLANG_WARN_BOOL_CONVERSION = YES;
				CLANG_WARN_COMMA = YES;
				CLANG_WARN_CONSTANT_CONVERSION = YES;
				CLANG_WARN_DEPRECATED_OBJC_IMPLEMENTATIONS = YES;
				CLANG_WARN_DIRECT_OBJC_ISA_USAGE = YES_ERROR;
				CLANG_WARN_DOCUMENTATION_COMMENTS = YES;
				CLANG_WARN_EMPTY_BODY = YES;
				CLANG_WARN_ENUM_CONVERSION = YES;
				CLANG_WARN_INFINITE_RECURSION = YES;
				CLANG_WARN_INT_CONVERSION = YES;
				CLANG_WARN_NON_LITERAL_NULL_CONVERSION = YES;
				CLANG_WARN_OBJC_IMPLICIT_RETAIN_SELF = YES;
				CLANG_WARN_OBJC_LITERAL_CONVERSION = YES;
				CLANG_WARN_OBJC_ROOT_CLASS = YES_ERROR;
				CLANG_WARN_QUOTED_INCLUDE_IN_FRAMEWORK_HEADER = YES;
				CLANG_WARN_RANGE_LOOP_ANALYSIS = YES;
				CLANG_WARN_STRICT_PROTOTYPES = YES;
				CLANG_WARN_SUSPICIOUS_MOVE = YES;
				CLANG_WARN_UNGUARDED_AVAILABILITY = YES_AGGRESSIVE;
				CLANG_WARN_UNREACHABLE_CODE = YES;
				CLANG_WARN__DUPLICATE_METHOD_MATCH = YES;
				COPY_PHASE_STRIP = NO;
				CURRENT_PROJECT_VERSION = 1;
				DEBUG_INFORMATION_FORMAT = "dwarf-with-dsym";
				ENABLE_NS_ASSERTIONS = NO;
				ENABLE_STRICT_OBJC_MSGSEND = YES;
				GCC_C_LANGUAGE_STANDARD = gnu11;
				GCC_NO_COMMON_BLOCKS = YES;
				GCC_WARN_64_TO_32_BIT_CONVERSION = YES;
				GCC_WARN_ABOUT_RETURN_TYPE = YES_ERROR;
				GCC_WARN_UNDECLARED_SELECTOR = YES;
				GCC_WARN_UNINITIALIZED_AUTOS = YES_AGGRESSIVE;
				GCC_WARN_UNUSED_FUNCTION = YES;
				GCC_WARN_UNUSED_VARIABLE = YES;
				IPHONEOS_DEPLOYMENT_TARGET = 13.0;
				MTL_ENABLE_DEBUG_INFO = NO;
				MTL_FAST_MATH = YES;
				ONLY_ACTIVE_ARCH = NO;
				SDKROOT = iphoneos;
				SWIFT_COMPILATION_MODE = wholemodule;
				SWIFT_OPTIMIZATION_LEVEL = "-O";
				VALIDATE_PRODUCT = YES;
				VERSIONING_SYSTEM = "apple-generic";
				VERSION_INFO_PREFIX = "";
			};
			name = Automation;
		};
		53A5AB5426E1DC3B008E81AB /* Automation */ = {
			isa = XCBuildConfiguration;
			buildSettings = {
				CLANG_ENABLE_MODULES = YES;
				CODE_SIGN_IDENTITY = "Apple Development";
				CODE_SIGN_STYLE = Automatic;
				DEFINES_MODULE = YES;
				DEVELOPMENT_TEAM = "";
				DYLIB_COMPATIBILITY_VERSION = 1;
				DYLIB_CURRENT_VERSION = 1;
				DYLIB_INSTALL_NAME_BASE = "@rpath";
				INFOPLIST_FILE = YDS/Info.plist;
				INSTALL_PATH = "$(LOCAL_LIBRARY_DIR)/Frameworks";
				LD_RUNPATH_SEARCH_PATHS = (
					"$(inherited)",
					"@executable_path/Frameworks",
					"@loader_path/Frameworks",
				);
				MARKETING_VERSION = 2.4.2;
				PRODUCT_BUNDLE_IDENTIFIER = com.yourssu.YDS;
				PRODUCT_NAME = "$(TARGET_NAME:c99extidentifier)";
				PROVISIONING_PROFILE_SPECIFIER = "";
				SKIP_INSTALL = YES;
				SUPPORTS_MACCATALYST = NO;
				SWIFT_VERSION = 5.0;
				TARGETED_DEVICE_FAMILY = "1,2";
			};
			name = Automation;
		};
		53A5AB5526E1DC3B008E81AB /* Automation */ = {
			isa = XCBuildConfiguration;
			buildSettings = {
				ASSETCATALOG_COMPILER_APPICON_NAME = AppIcon;
				ASSETCATALOG_COMPILER_GLOBAL_ACCENT_COLOR_NAME = AccentColor;
				CODE_SIGN_IDENTITY = "iPhone Distribution";
				CODE_SIGN_STYLE = Manual;
				DEVELOPMENT_TEAM = 2N3PMJ78CA;
				INFOPLIST_FILE = "YDS-Storybook/Info.plist";
				LD_RUNPATH_SEARCH_PATHS = (
					"$(inherited)",
					"@executable_path/Frameworks",
				);
				MARKETING_VERSION = 2.4.2;
				PRODUCT_BUNDLE_IDENTIFIER = "com.yourssu.YDS-Storybook";
				PRODUCT_NAME = "$(TARGET_NAME)";
				PROVISIONING_PROFILE_SPECIFIER = GithubActions_Dist;
				SWIFT_VERSION = 5.0;
				TARGETED_DEVICE_FAMILY = "1,2";
			};
			name = Automation;
		};
		DD151FB02641820200795D7C /* Debug */ = {
			isa = XCBuildConfiguration;
			buildSettings = {
				ALWAYS_SEARCH_USER_PATHS = NO;
				CLANG_ANALYZER_NONNULL = YES;
				CLANG_ANALYZER_NUMBER_OBJECT_CONVERSION = YES_AGGRESSIVE;
				CLANG_CXX_LANGUAGE_STANDARD = "gnu++14";
				CLANG_CXX_LIBRARY = "libc++";
				CLANG_ENABLE_MODULES = YES;
				CLANG_ENABLE_OBJC_ARC = YES;
				CLANG_ENABLE_OBJC_WEAK = YES;
				CLANG_WARN_BLOCK_CAPTURE_AUTORELEASING = YES;
				CLANG_WARN_BOOL_CONVERSION = YES;
				CLANG_WARN_COMMA = YES;
				CLANG_WARN_CONSTANT_CONVERSION = YES;
				CLANG_WARN_DEPRECATED_OBJC_IMPLEMENTATIONS = YES;
				CLANG_WARN_DIRECT_OBJC_ISA_USAGE = YES_ERROR;
				CLANG_WARN_DOCUMENTATION_COMMENTS = YES;
				CLANG_WARN_EMPTY_BODY = YES;
				CLANG_WARN_ENUM_CONVERSION = YES;
				CLANG_WARN_INFINITE_RECURSION = YES;
				CLANG_WARN_INT_CONVERSION = YES;
				CLANG_WARN_NON_LITERAL_NULL_CONVERSION = YES;
				CLANG_WARN_OBJC_IMPLICIT_RETAIN_SELF = YES;
				CLANG_WARN_OBJC_LITERAL_CONVERSION = YES;
				CLANG_WARN_OBJC_ROOT_CLASS = YES_ERROR;
				CLANG_WARN_QUOTED_INCLUDE_IN_FRAMEWORK_HEADER = YES;
				CLANG_WARN_RANGE_LOOP_ANALYSIS = YES;
				CLANG_WARN_STRICT_PROTOTYPES = YES;
				CLANG_WARN_SUSPICIOUS_MOVE = YES;
				CLANG_WARN_UNGUARDED_AVAILABILITY = YES_AGGRESSIVE;
				CLANG_WARN_UNREACHABLE_CODE = YES;
				CLANG_WARN__DUPLICATE_METHOD_MATCH = YES;
				COPY_PHASE_STRIP = NO;
				CURRENT_PROJECT_VERSION = 1;
				DEBUG_INFORMATION_FORMAT = dwarf;
				ENABLE_STRICT_OBJC_MSGSEND = YES;
				ENABLE_TESTABILITY = YES;
				GCC_C_LANGUAGE_STANDARD = gnu11;
				GCC_DYNAMIC_NO_PIC = NO;
				GCC_NO_COMMON_BLOCKS = YES;
				GCC_OPTIMIZATION_LEVEL = 0;
				GCC_PREPROCESSOR_DEFINITIONS = (
					"DEBUG=1",
					"$(inherited)",
				);
				GCC_WARN_64_TO_32_BIT_CONVERSION = YES;
				GCC_WARN_ABOUT_RETURN_TYPE = YES_ERROR;
				GCC_WARN_UNDECLARED_SELECTOR = YES;
				GCC_WARN_UNINITIALIZED_AUTOS = YES_AGGRESSIVE;
				GCC_WARN_UNUSED_FUNCTION = YES;
				GCC_WARN_UNUSED_VARIABLE = YES;
				IPHONEOS_DEPLOYMENT_TARGET = 13.0;
				MTL_ENABLE_DEBUG_INFO = INCLUDE_SOURCE;
				MTL_FAST_MATH = YES;
				ONLY_ACTIVE_ARCH = YES;
				SDKROOT = iphoneos;
				SWIFT_ACTIVE_COMPILATION_CONDITIONS = DEBUG;
				SWIFT_OPTIMIZATION_LEVEL = "-Onone";
				VERSIONING_SYSTEM = "apple-generic";
				VERSION_INFO_PREFIX = "";
			};
			name = Debug;
		};
		DD151FB12641820200795D7C /* Release */ = {
			isa = XCBuildConfiguration;
			buildSettings = {
				ALWAYS_SEARCH_USER_PATHS = NO;
				CLANG_ANALYZER_NONNULL = YES;
				CLANG_ANALYZER_NUMBER_OBJECT_CONVERSION = YES_AGGRESSIVE;
				CLANG_CXX_LANGUAGE_STANDARD = "gnu++14";
				CLANG_CXX_LIBRARY = "libc++";
				CLANG_ENABLE_MODULES = YES;
				CLANG_ENABLE_OBJC_ARC = YES;
				CLANG_ENABLE_OBJC_WEAK = YES;
				CLANG_WARN_BLOCK_CAPTURE_AUTORELEASING = YES;
				CLANG_WARN_BOOL_CONVERSION = YES;
				CLANG_WARN_COMMA = YES;
				CLANG_WARN_CONSTANT_CONVERSION = YES;
				CLANG_WARN_DEPRECATED_OBJC_IMPLEMENTATIONS = YES;
				CLANG_WARN_DIRECT_OBJC_ISA_USAGE = YES_ERROR;
				CLANG_WARN_DOCUMENTATION_COMMENTS = YES;
				CLANG_WARN_EMPTY_BODY = YES;
				CLANG_WARN_ENUM_CONVERSION = YES;
				CLANG_WARN_INFINITE_RECURSION = YES;
				CLANG_WARN_INT_CONVERSION = YES;
				CLANG_WARN_NON_LITERAL_NULL_CONVERSION = YES;
				CLANG_WARN_OBJC_IMPLICIT_RETAIN_SELF = YES;
				CLANG_WARN_OBJC_LITERAL_CONVERSION = YES;
				CLANG_WARN_OBJC_ROOT_CLASS = YES_ERROR;
				CLANG_WARN_QUOTED_INCLUDE_IN_FRAMEWORK_HEADER = YES;
				CLANG_WARN_RANGE_LOOP_ANALYSIS = YES;
				CLANG_WARN_STRICT_PROTOTYPES = YES;
				CLANG_WARN_SUSPICIOUS_MOVE = YES;
				CLANG_WARN_UNGUARDED_AVAILABILITY = YES_AGGRESSIVE;
				CLANG_WARN_UNREACHABLE_CODE = YES;
				CLANG_WARN__DUPLICATE_METHOD_MATCH = YES;
				COPY_PHASE_STRIP = NO;
				CURRENT_PROJECT_VERSION = 1;
				DEBUG_INFORMATION_FORMAT = "dwarf-with-dsym";
				ENABLE_NS_ASSERTIONS = NO;
				ENABLE_STRICT_OBJC_MSGSEND = YES;
				GCC_C_LANGUAGE_STANDARD = gnu11;
				GCC_NO_COMMON_BLOCKS = YES;
				GCC_WARN_64_TO_32_BIT_CONVERSION = YES;
				GCC_WARN_ABOUT_RETURN_TYPE = YES_ERROR;
				GCC_WARN_UNDECLARED_SELECTOR = YES;
				GCC_WARN_UNINITIALIZED_AUTOS = YES_AGGRESSIVE;
				GCC_WARN_UNUSED_FUNCTION = YES;
				GCC_WARN_UNUSED_VARIABLE = YES;
				IPHONEOS_DEPLOYMENT_TARGET = 13.0;
				MTL_ENABLE_DEBUG_INFO = NO;
				MTL_FAST_MATH = YES;
				ONLY_ACTIVE_ARCH = NO;
				SDKROOT = iphoneos;
				SWIFT_COMPILATION_MODE = wholemodule;
				SWIFT_OPTIMIZATION_LEVEL = "-O";
				VALIDATE_PRODUCT = YES;
				VERSIONING_SYSTEM = "apple-generic";
				VERSION_INFO_PREFIX = "";
			};
			name = Release;
		};
		DD151FB32641820200795D7C /* Debug */ = {
			isa = XCBuildConfiguration;
			buildSettings = {
				CLANG_ENABLE_MODULES = YES;
				CODE_SIGN_STYLE = Automatic;
				DEFINES_MODULE = YES;
				DEVELOPMENT_TEAM = 86886QH957;
				DYLIB_COMPATIBILITY_VERSION = 1;
				DYLIB_CURRENT_VERSION = 1;
				DYLIB_INSTALL_NAME_BASE = "@rpath";
				INFOPLIST_FILE = YDS/Info.plist;
				INSTALL_PATH = "$(LOCAL_LIBRARY_DIR)/Frameworks";
				LD_RUNPATH_SEARCH_PATHS = (
					"$(inherited)",
					"@executable_path/Frameworks",
					"@loader_path/Frameworks",
				);
				MARKETING_VERSION = 2.4.2;
				PRODUCT_BUNDLE_IDENTIFIER = com.yourssu.YDS;
				PRODUCT_NAME = "$(TARGET_NAME:c99extidentifier)";
				SKIP_INSTALL = YES;
				SUPPORTS_MACCATALYST = NO;
				SWIFT_OPTIMIZATION_LEVEL = "-Onone";
				SWIFT_VERSION = 5.0;
				TARGETED_DEVICE_FAMILY = "1,2";
			};
			name = Debug;
		};
		DD151FB42641820200795D7C /* Release */ = {
			isa = XCBuildConfiguration;
			buildSettings = {
				CLANG_ENABLE_MODULES = YES;
				CODE_SIGN_IDENTITY = "Apple Development";
				CODE_SIGN_STYLE = Automatic;
				DEFINES_MODULE = YES;
				DEVELOPMENT_TEAM = "";
				DYLIB_COMPATIBILITY_VERSION = 1;
				DYLIB_CURRENT_VERSION = 1;
				DYLIB_INSTALL_NAME_BASE = "@rpath";
				INFOPLIST_FILE = YDS/Info.plist;
				INSTALL_PATH = "$(LOCAL_LIBRARY_DIR)/Frameworks";
				LD_RUNPATH_SEARCH_PATHS = (
					"$(inherited)",
					"@executable_path/Frameworks",
					"@loader_path/Frameworks",
				);
				MARKETING_VERSION = 2.4.2;
				PRODUCT_BUNDLE_IDENTIFIER = com.yourssu.YDS;
				PRODUCT_NAME = "$(TARGET_NAME:c99extidentifier)";
				PROVISIONING_PROFILE_SPECIFIER = "";
				SKIP_INSTALL = YES;
				SUPPORTS_MACCATALYST = NO;
				SWIFT_VERSION = 5.0;
				TARGETED_DEVICE_FAMILY = "1,2";
			};
			name = Release;
		};
		DDFBD00D26739A6B00C5F409 /* Debug */ = {
			isa = XCBuildConfiguration;
			buildSettings = {
				ASSETCATALOG_COMPILER_APPICON_NAME = AppIcon;
				ASSETCATALOG_COMPILER_GLOBAL_ACCENT_COLOR_NAME = AccentColor;
				CODE_SIGN_STYLE = Automatic;
				DEVELOPMENT_TEAM = 2N3PMJ78CA;
				INFOPLIST_FILE = "YDS-Storybook/Info.plist";
				LD_RUNPATH_SEARCH_PATHS = (
					"$(inherited)",
					"@executable_path/Frameworks",
				);
				MARKETING_VERSION = 2.4.2;
				PRODUCT_BUNDLE_IDENTIFIER = "com.yourssu.YDS-Storybook";
				PRODUCT_NAME = "$(TARGET_NAME)";
				SWIFT_VERSION = 5.0;
				TARGETED_DEVICE_FAMILY = "1,2";
			};
			name = Debug;
		};
		DDFBD00E26739A6B00C5F409 /* Release */ = {
			isa = XCBuildConfiguration;
			buildSettings = {
				ASSETCATALOG_COMPILER_APPICON_NAME = AppIcon;
				ASSETCATALOG_COMPILER_GLOBAL_ACCENT_COLOR_NAME = AccentColor;
				CODE_SIGN_IDENTITY = "Apple Development";
				CODE_SIGN_STYLE = Automatic;
				DEVELOPMENT_TEAM = 2N3PMJ78CA;
				INFOPLIST_FILE = "YDS-Storybook/Info.plist";
				LD_RUNPATH_SEARCH_PATHS = (
					"$(inherited)",
					"@executable_path/Frameworks",
				);
				MARKETING_VERSION = 2.4.2;
				PRODUCT_BUNDLE_IDENTIFIER = "com.yourssu.YDS-Storybook";
				PRODUCT_NAME = "$(TARGET_NAME)";
				PROVISIONING_PROFILE_SPECIFIER = "";
				SWIFT_VERSION = 5.0;
				TARGETED_DEVICE_FAMILY = "1,2";
			};
			name = Release;
		};
/* End XCBuildConfiguration section */

/* Begin XCConfigurationList section */
		DD151FA42641820200795D7C /* Build configuration list for PBXProject "YDS" */ = {
			isa = XCConfigurationList;
			buildConfigurations = (
				DD151FB02641820200795D7C /* Debug */,
				DD151FB12641820200795D7C /* Release */,
				53A5AB5326E1DC3B008E81AB /* Automation */,
			);
			defaultConfigurationIsVisible = 0;
			defaultConfigurationName = Release;
		};
		DD151FB22641820200795D7C /* Build configuration list for PBXNativeTarget "YDS" */ = {
			isa = XCConfigurationList;
			buildConfigurations = (
				DD151FB32641820200795D7C /* Debug */,
				DD151FB42641820200795D7C /* Release */,
				53A5AB5426E1DC3B008E81AB /* Automation */,
			);
			defaultConfigurationIsVisible = 0;
			defaultConfigurationName = Release;
		};
		DDFBD00F26739A6B00C5F409 /* Build configuration list for PBXNativeTarget "YDS-Storybook" */ = {
			isa = XCConfigurationList;
			buildConfigurations = (
				DDFBD00D26739A6B00C5F409 /* Debug */,
				DDFBD00E26739A6B00C5F409 /* Release */,
				53A5AB5526E1DC3B008E81AB /* Automation */,
			);
			defaultConfigurationIsVisible = 0;
			defaultConfigurationName = Release;
		};
/* End XCConfigurationList section */

/* Begin XCRemoteSwiftPackageReference section */
		530F6DB926D2141500856758 /* XCRemoteSwiftPackageReference "PanModal" */ = {
			isa = XCRemoteSwiftPackageReference;
			repositoryURL = "https://github.com/slackhq/PanModal";
			requirement = {
				kind = upToNextMajorVersion;
				minimumVersion = 1.2.7;
			};
		};
		530F6DBC26D2142100856758 /* XCRemoteSwiftPackageReference "SnapKit" */ = {
			isa = XCRemoteSwiftPackageReference;
			repositoryURL = "https://github.com/SnapKit/SnapKit";
			requirement = {
				kind = upToNextMajorVersion;
				minimumVersion = 5.0.1;
			};
		};
		5337938626AF08E000BE5860 /* XCRemoteSwiftPackageReference "RxSwift" */ = {
			isa = XCRemoteSwiftPackageReference;
			repositoryURL = "https://github.com/ReactiveX/RxSwift";
			requirement = {
				kind = upToNextMajorVersion;
				minimumVersion = 6.2.0;
			};
		};
/* End XCRemoteSwiftPackageReference section */

/* Begin XCSwiftPackageProductDependency section */
		530F6DBA26D2141500856758 /* PanModal */ = {
			isa = XCSwiftPackageProductDependency;
			package = 530F6DB926D2141500856758 /* XCRemoteSwiftPackageReference "PanModal" */;
			productName = PanModal;
		};
		530F6DBD26D2142100856758 /* SnapKit */ = {
			isa = XCSwiftPackageProductDependency;
			package = 530F6DBC26D2142100856758 /* XCRemoteSwiftPackageReference "SnapKit" */;
			productName = SnapKit;
		};
		5337938726AF08E000BE5860 /* RxSwift */ = {
			isa = XCSwiftPackageProductDependency;
			package = 5337938626AF08E000BE5860 /* XCRemoteSwiftPackageReference "RxSwift" */;
			productName = RxSwift;
		};
		5337938926AF08E000BE5860 /* RxCocoa */ = {
			isa = XCSwiftPackageProductDependency;
			package = 5337938626AF08E000BE5860 /* XCRemoteSwiftPackageReference "RxSwift" */;
			productName = RxCocoa;
		};
/* End XCSwiftPackageProductDependency section */
	};
	rootObject = DD151FA12641820200795D7C /* Project object */;
}
